// !$*UTF8*$!
{
	archiveVersion = 1;
	classes = {
	};
	objectVersion = 46;
	objects = {

/* Begin PBXBuildFile section */
		0444EFDA1E978E3B00224B7E /* opencv2.framework in Frameworks */ = {isa = PBXBuildFile; fileRef = 0444EFD91E978E3B00224B7E /* opencv2.framework */; };
		50D6A2931E9B31E1006ACDE6 /* opencv2.framework in Frameworks */ = {isa = PBXBuildFile; fileRef = 50D6A2921E9B31E1006ACDE6 /* opencv2.framework */; };
		752BB17A1E95EFEB007BE3DD /* AVFoundation.framework in Frameworks */ = {isa = PBXBuildFile; fileRef = 752BB1791E95EFEB007BE3DD /* AVFoundation.framework */; };
		7532CE041E9CAC41005B7845 /* ImageIO.framework in Frameworks */ = {isa = PBXBuildFile; fileRef = 7532CE031E9CAC41005B7845 /* ImageIO.framework */; };
		75A287391EA5FF11009C9E31 /* AppDelegate.m in Sources */ = {isa = PBXBuildFile; fileRef = 75A286EF1EA5FF11009C9E31 /* AppDelegate.m */; };
		75A2873A1EA5FF11009C9E31 /* Assets.xcassets in Resources */ = {isa = PBXBuildFile; fileRef = 75A286F01EA5FF11009C9E31 /* Assets.xcassets */; };
		75A2873B1EA5FF11009C9E31 /* LaunchScreen.storyboard in Resources */ = {isa = PBXBuildFile; fileRef = 75A286F11EA5FF11009C9E31 /* LaunchScreen.storyboard */; };
		75A2873C1EA5FF11009C9E31 /* Main.storyboard in Resources */ = {isa = PBXBuildFile; fileRef = 75A286F31EA5FF11009C9E31 /* Main.storyboard */; };
		75A2873D1EA5FF11009C9E31 /* CoinDetectViewController.m in Sources */ = {isa = PBXBuildFile; fileRef = 75A286F81EA5FF11009C9E31 /* CoinDetectViewController.m */; };
		75A2873E1EA5FF11009C9E31 /* FishMeasureViewController.m in Sources */ = {isa = PBXBuildFile; fileRef = 75A286FA1EA5FF11009C9E31 /* FishMeasureViewController.m */; };
		75A2873F1EA5FF11009C9E31 /* CoinDetectModel.m in Sources */ = {isa = PBXBuildFile; fileRef = 75A286FD1EA5FF11009C9E31 /* CoinDetectModel.m */; };
		75A287401EA5FF11009C9E31 /* CGGeometryConvertTool.m in Sources */ = {isa = PBXBuildFile; fileRef = 75A287001EA5FF11009C9E31 /* CGGeometryConvertTool.m */; };
		75A287411EA5FF11009C9E31 /* ConfigureTool.m in Sources */ = {isa = PBXBuildFile; fileRef = 75A287021EA5FF11009C9E31 /* ConfigureTool.m */; };
		75A287421EA5FF11009C9E31 /* DetectCircleTool.mm in Sources */ = {isa = PBXBuildFile; fileRef = 75A287051EA5FF11009C9E31 /* DetectCircleTool.mm */; };
		75A287431EA5FF11009C9E31 /* UIImage+Rotate_Flip.m in Sources */ = {isa = PBXBuildFile; fileRef = 75A287071EA5FF11009C9E31 /* UIImage+Rotate_Flip.m */; };
		75A287441EA5FF11009C9E31 /* CaptureImageView.m in Sources */ = {isa = PBXBuildFile; fileRef = 75A2870B1EA5FF11009C9E31 /* CaptureImageView.m */; };
		75A287451EA5FF11009C9E31 /* logo.png in Resources */ = {isa = PBXBuildFile; fileRef = 75A2870C1EA5FF11009C9E31 /* logo.png */; };
		75A287461EA5FF11009C9E31 /* AVCamPreviewView.m in Sources */ = {isa = PBXBuildFile; fileRef = 75A2870F1EA5FF11009C9E31 /* AVCamPreviewView.m */; };
		75A287471EA5FF11009C9E31 /* CameraControlView.m in Sources */ = {isa = PBXBuildFile; fileRef = 75A287111EA5FF11009C9E31 /* CameraControlView.m */; };
		75A287481EA5FF11009C9E31 /* CoinDetectView.m in Sources */ = {isa = PBXBuildFile; fileRef = 75A287131EA5FF11009C9E31 /* CoinDetectView.m */; };
		75A287491EA5FF11009C9E31 /* FlashLight_Off@2x.png in Resources */ = {isa = PBXBuildFile; fileRef = 75A287151EA5FF11009C9E31 /* FlashLight_Off@2x.png */; };
		75A2874A1EA5FF11009C9E31 /* FlashLight_Off@3x.png in Resources */ = {isa = PBXBuildFile; fileRef = 75A287161EA5FF11009C9E31 /* FlashLight_Off@3x.png */; };
		75A2874B1EA5FF11009C9E31 /* FlashLight_On@2x.png in Resources */ = {isa = PBXBuildFile; fileRef = 75A287171EA5FF11009C9E31 /* FlashLight_On@2x.png */; };
		75A2874C1EA5FF11009C9E31 /* FlashLight_On@3x.png in Resources */ = {isa = PBXBuildFile; fileRef = 75A287181EA5FF11009C9E31 /* FlashLight_On@3x.png */; };
		75A2874D1EA5FF11009C9E31 /* Guide@2x.png in Resources */ = {isa = PBXBuildFile; fileRef = 75A287191EA5FF11009C9E31 /* Guide@2x.png */; };
		75A2874E1EA5FF11009C9E31 /* Guide@3x.png in Resources */ = {isa = PBXBuildFile; fileRef = 75A2871A1EA5FF11009C9E31 /* Guide@3x.png */; };
		75A2874F1EA5FF11009C9E31 /* TakePicture@2x.png in Resources */ = {isa = PBXBuildFile; fileRef = 75A2871B1EA5FF11009C9E31 /* TakePicture@2x.png */; };
		75A287501EA5FF11009C9E31 /* TakePicture@3x.png in Resources */ = {isa = PBXBuildFile; fileRef = 75A2871C1EA5FF11009C9E31 /* TakePicture@3x.png */; };
		75A287511EA5FF11009C9E31 /* RulerCalculator.m in Sources */ = {isa = PBXBuildFile; fileRef = 75A2871F1EA5FF11009C9E31 /* RulerCalculator.m */; };
		75A287521EA5FF11009C9E31 /* RulerView.m in Sources */ = {isa = PBXBuildFile; fileRef = 75A287211EA5FF11009C9E31 /* RulerView.m */; };
		75A287531EA5FF11009C9E31 /* UseGuide1_1242x2208.png in Resources */ = {isa = PBXBuildFile; fileRef = 75A287251EA5FF11009C9E31 /* UseGuide1_1242x2208.png */; };
		75A287541EA5FF11009C9E31 /* UseGuide2_1242x2208.png in Resources */ = {isa = PBXBuildFile; fileRef = 75A287261EA5FF11009C9E31 /* UseGuide2_1242x2208.png */; };
		75A287551EA5FF11009C9E31 /* UseGuide3_1242x2208.png in Resources */ = {isa = PBXBuildFile; fileRef = 75A287271EA5FF11009C9E31 /* UseGuide3_1242x2208.png */; };
		75A287561EA5FF11009C9E31 /* UseGuide1_640x1136.png in Resources */ = {isa = PBXBuildFile; fileRef = 75A287291EA5FF11009C9E31 /* UseGuide1_640x1136.png */; };
		75A287571EA5FF11009C9E31 /* UseGuide2_640x1136.png in Resources */ = {isa = PBXBuildFile; fileRef = 75A2872A1EA5FF11009C9E31 /* UseGuide2_640x1136.png */; };
		75A287581EA5FF11009C9E31 /* UseGuide3_640x1136.png in Resources */ = {isa = PBXBuildFile; fileRef = 75A2872B1EA5FF11009C9E31 /* UseGuide3_640x1136.png */; };
		75A287591EA5FF11009C9E31 /* UseGuide1_750x1334.png in Resources */ = {isa = PBXBuildFile; fileRef = 75A2872D1EA5FF11009C9E31 /* UseGuide1_750x1334.png */; };
		75A2875A1EA5FF11009C9E31 /* UseGuide2_750x1334.png in Resources */ = {isa = PBXBuildFile; fileRef = 75A2872E1EA5FF11009C9E31 /* UseGuide2_750x1334.png */; };
		75A2875B1EA5FF11009C9E31 /* UseGuide3_750x1334.png in Resources */ = {isa = PBXBuildFile; fileRef = 75A2872F1EA5FF11009C9E31 /* UseGuide3_750x1334.png */; };
		75A2875C1EA5FF11009C9E31 /* UseGuideView.m in Sources */ = {isa = PBXBuildFile; fileRef = 75A287311EA5FF11009C9E31 /* UseGuideView.m */; };
		75A2875D1EA5FF11009C9E31 /* Error.jpeg in Resources */ = {isa = PBXBuildFile; fileRef = 75A287341EA5FF11009C9E31 /* Error.jpeg */; };
		75A2875E1EA5FF11009C9E31 /* example01.jpeg in Resources */ = {isa = PBXBuildFile; fileRef = 75A287361EA5FF11009C9E31 /* example01.jpeg */; };
		75A2875F1EA5FF11009C9E31 /* Info.plist in Resources */ = {isa = PBXBuildFile; fileRef = 75A287371EA5FF11009C9E31 /* Info.plist */; };
		75A287601EA5FF11009C9E31 /* main.m in Sources */ = {isa = PBXBuildFile; fileRef = 75A287381EA5FF11009C9E31 /* main.m */; };
		75A287B91EA741C4009C9E31 /* JavaRulerCalculator.m in Sources */ = {isa = PBXBuildFile; fileRef = 75A287B81EA741C4009C9E31 /* JavaRulerCalculator.m */; };
		75C4666B1EA9A8D00083CB14 /* ParamSlider.m in Sources */ = {isa = PBXBuildFile; fileRef = 75C4666A1EA9A8D00083CB14 /* ParamSlider.m */; };
		75C466741EAEDC3E0083CB14 /* coin.png in Resources */ = {isa = PBXBuildFile; fileRef = 75C466731EAEDC3E0083CB14 /* coin.png */; };
/* End PBXBuildFile section */

/* Begin PBXFileReference section */
		0444EFD91E978E3B00224B7E /* opencv2.framework */ = {isa = PBXFileReference; lastKnownFileType = wrapper.framework; name = opencv2.framework; path = AVFoundationDemo/opencv2.framework; sourceTree = "<group>"; };
		50D6A2921E9B31E1006ACDE6 /* opencv2.framework */ = {isa = PBXFileReference; lastKnownFileType = wrapper.framework; path = opencv2.framework; sourceTree = "<group>"; };
		752BB15E1E95ECEC007BE3DD /* CircleDetectDemo.app */ = {isa = PBXFileReference; explicitFileType = wrapper.application; includeInIndex = 0; path = CircleDetectDemo.app; sourceTree = BUILT_PRODUCTS_DIR; };
		752BB1791E95EFEB007BE3DD /* AVFoundation.framework */ = {isa = PBXFileReference; lastKnownFileType = wrapper.framework; name = AVFoundation.framework; path = System/Library/Frameworks/AVFoundation.framework; sourceTree = SDKROOT; };
		7532CE031E9CAC41005B7845 /* ImageIO.framework */ = {isa = PBXFileReference; lastKnownFileType = wrapper.framework; name = ImageIO.framework; path = System/Library/Frameworks/ImageIO.framework; sourceTree = SDKROOT; };
		75A286EE1EA5FF11009C9E31 /* AppDelegate.h */ = {isa = PBXFileReference; fileEncoding = 4; lastKnownFileType = sourcecode.c.h; path = AppDelegate.h; sourceTree = "<group>"; };
		75A286EF1EA5FF11009C9E31 /* AppDelegate.m */ = {isa = PBXFileReference; fileEncoding = 4; lastKnownFileType = sourcecode.c.objc; path = AppDelegate.m; sourceTree = "<group>"; };
		75A286F01EA5FF11009C9E31 /* Assets.xcassets */ = {isa = PBXFileReference; lastKnownFileType = folder.assetcatalog; path = Assets.xcassets; sourceTree = "<group>"; };
		75A286F21EA5FF11009C9E31 /* Base */ = {isa = PBXFileReference; lastKnownFileType = file.storyboard; name = Base; path = Base.lproj/LaunchScreen.storyboard; sourceTree = "<group>"; };
		75A286F41EA5FF11009C9E31 /* Base */ = {isa = PBXFileReference; lastKnownFileType = file.storyboard; name = Base; path = Base.lproj/Main.storyboard; sourceTree = "<group>"; };
		75A286F71EA5FF11009C9E31 /* CoinDetectViewController.h */ = {isa = PBXFileReference; fileEncoding = 4; lastKnownFileType = sourcecode.c.h; path = CoinDetectViewController.h; sourceTree = "<group>"; };
		75A286F81EA5FF11009C9E31 /* CoinDetectViewController.m */ = {isa = PBXFileReference; fileEncoding = 4; lastKnownFileType = sourcecode.c.objc; path = CoinDetectViewController.m; sourceTree = "<group>"; };
		75A286F91EA5FF11009C9E31 /* FishMeasureViewController.h */ = {isa = PBXFileReference; fileEncoding = 4; lastKnownFileType = sourcecode.c.h; path = FishMeasureViewController.h; sourceTree = "<group>"; };
		75A286FA1EA5FF11009C9E31 /* FishMeasureViewController.m */ = {isa = PBXFileReference; fileEncoding = 4; lastKnownFileType = sourcecode.c.objc; path = FishMeasureViewController.m; sourceTree = "<group>"; };
		75A286FC1EA5FF11009C9E31 /* CoinDetectModel.h */ = {isa = PBXFileReference; fileEncoding = 4; lastKnownFileType = sourcecode.c.h; path = CoinDetectModel.h; sourceTree = "<group>"; };
		75A286FD1EA5FF11009C9E31 /* CoinDetectModel.m */ = {isa = PBXFileReference; fileEncoding = 4; lastKnownFileType = sourcecode.c.objc; path = CoinDetectModel.m; sourceTree = "<group>"; };
		75A286FF1EA5FF11009C9E31 /* CGGeometryConvertTool.h */ = {isa = PBXFileReference; fileEncoding = 4; lastKnownFileType = sourcecode.c.h; path = CGGeometryConvertTool.h; sourceTree = "<group>"; };
		75A287001EA5FF11009C9E31 /* CGGeometryConvertTool.m */ = {isa = PBXFileReference; fileEncoding = 4; lastKnownFileType = sourcecode.c.objc; path = CGGeometryConvertTool.m; sourceTree = "<group>"; };
		75A287011EA5FF11009C9E31 /* ConfigureTool.h */ = {isa = PBXFileReference; fileEncoding = 4; lastKnownFileType = sourcecode.c.h; path = ConfigureTool.h; sourceTree = "<group>"; };
		75A287021EA5FF11009C9E31 /* ConfigureTool.m */ = {isa = PBXFileReference; fileEncoding = 4; lastKnownFileType = sourcecode.c.objc; path = ConfigureTool.m; sourceTree = "<group>"; };
		75A287041EA5FF11009C9E31 /* DetectCircleTool.h */ = {isa = PBXFileReference; fileEncoding = 4; lastKnownFileType = sourcecode.c.h; path = DetectCircleTool.h; sourceTree = "<group>"; };
		75A287051EA5FF11009C9E31 /* DetectCircleTool.mm */ = {isa = PBXFileReference; fileEncoding = 4; lastKnownFileType = sourcecode.cpp.objcpp; path = DetectCircleTool.mm; sourceTree = "<group>"; };
		75A287061EA5FF11009C9E31 /* UIImage+Rotate_Flip.h */ = {isa = PBXFileReference; fileEncoding = 4; lastKnownFileType = sourcecode.c.h; path = "UIImage+Rotate_Flip.h"; sourceTree = "<group>"; };
		75A287071EA5FF11009C9E31 /* UIImage+Rotate_Flip.m */ = {isa = PBXFileReference; fileEncoding = 4; lastKnownFileType = sourcecode.c.objc; path = "UIImage+Rotate_Flip.m"; sourceTree = "<group>"; };
		75A2870A1EA5FF11009C9E31 /* CaptureImageView.h */ = {isa = PBXFileReference; fileEncoding = 4; lastKnownFileType = sourcecode.c.h; path = CaptureImageView.h; sourceTree = "<group>"; };
		75A2870B1EA5FF11009C9E31 /* CaptureImageView.m */ = {isa = PBXFileReference; fileEncoding = 4; lastKnownFileType = sourcecode.c.objc; path = CaptureImageView.m; sourceTree = "<group>"; };
		75A2870C1EA5FF11009C9E31 /* logo.png */ = {isa = PBXFileReference; lastKnownFileType = image.png; path = logo.png; sourceTree = "<group>"; };
		75A2870E1EA5FF11009C9E31 /* AVCamPreviewView.h */ = {isa = PBXFileReference; fileEncoding = 4; lastKnownFileType = sourcecode.c.h; path = AVCamPreviewView.h; sourceTree = "<group>"; };
		75A2870F1EA5FF11009C9E31 /* AVCamPreviewView.m */ = {isa = PBXFileReference; fileEncoding = 4; lastKnownFileType = sourcecode.c.objc; path = AVCamPreviewView.m; sourceTree = "<group>"; };
		75A287101EA5FF11009C9E31 /* CameraControlView.h */ = {isa = PBXFileReference; fileEncoding = 4; lastKnownFileType = sourcecode.c.h; path = CameraControlView.h; sourceTree = "<group>"; };
		75A287111EA5FF11009C9E31 /* CameraControlView.m */ = {isa = PBXFileReference; fileEncoding = 4; lastKnownFileType = sourcecode.c.objc; path = CameraControlView.m; sourceTree = "<group>"; };
		75A287121EA5FF11009C9E31 /* CoinDetectView.h */ = {isa = PBXFileReference; fileEncoding = 4; lastKnownFileType = sourcecode.c.h; path = CoinDetectView.h; sourceTree = "<group>"; };
		75A287131EA5FF11009C9E31 /* CoinDetectView.m */ = {isa = PBXFileReference; fileEncoding = 4; lastKnownFileType = sourcecode.c.objc; path = CoinDetectView.m; sourceTree = "<group>"; };
		75A287151EA5FF11009C9E31 /* FlashLight_Off@2x.png */ = {isa = PBXFileReference; lastKnownFileType = image.png; path = "FlashLight_Off@2x.png"; sourceTree = "<group>"; };
		75A287161EA5FF11009C9E31 /* FlashLight_Off@3x.png */ = {isa = PBXFileReference; lastKnownFileType = image.png; path = "FlashLight_Off@3x.png"; sourceTree = "<group>"; };
		75A287171EA5FF11009C9E31 /* FlashLight_On@2x.png */ = {isa = PBXFileReference; lastKnownFileType = image.png; path = "FlashLight_On@2x.png"; sourceTree = "<group>"; };
		75A287181EA5FF11009C9E31 /* FlashLight_On@3x.png */ = {isa = PBXFileReference; lastKnownFileType = image.png; path = "FlashLight_On@3x.png"; sourceTree = "<group>"; };
		75A287191EA5FF11009C9E31 /* Guide@2x.png */ = {isa = PBXFileReference; lastKnownFileType = image.png; path = "Guide@2x.png"; sourceTree = "<group>"; };
		75A2871A1EA5FF11009C9E31 /* Guide@3x.png */ = {isa = PBXFileReference; lastKnownFileType = image.png; path = "Guide@3x.png"; sourceTree = "<group>"; };
		75A2871B1EA5FF11009C9E31 /* TakePicture@2x.png */ = {isa = PBXFileReference; lastKnownFileType = image.png; path = "TakePicture@2x.png"; sourceTree = "<group>"; };
		75A2871C1EA5FF11009C9E31 /* TakePicture@3x.png */ = {isa = PBXFileReference; lastKnownFileType = image.png; path = "TakePicture@3x.png"; sourceTree = "<group>"; };
		75A2871E1EA5FF11009C9E31 /* RulerCalculator.h */ = {isa = PBXFileReference; fileEncoding = 4; lastKnownFileType = sourcecode.c.h; path = RulerCalculator.h; sourceTree = "<group>"; };
		75A2871F1EA5FF11009C9E31 /* RulerCalculator.m */ = {isa = PBXFileReference; fileEncoding = 4; lastKnownFileType = sourcecode.c.objc; path = RulerCalculator.m; sourceTree = "<group>"; };
		75A287201EA5FF11009C9E31 /* RulerView.h */ = {isa = PBXFileReference; fileEncoding = 4; lastKnownFileType = sourcecode.c.h; path = RulerView.h; sourceTree = "<group>"; };
		75A287211EA5FF11009C9E31 /* RulerView.m */ = {isa = PBXFileReference; fileEncoding = 4; lastKnownFileType = sourcecode.c.objc; path = RulerView.m; sourceTree = "<group>"; };
		75A287251EA5FF11009C9E31 /* UseGuide1_1242x2208.png */ = {isa = PBXFileReference; lastKnownFileType = image.png; path = UseGuide1_1242x2208.png; sourceTree = "<group>"; };
		75A287261EA5FF11009C9E31 /* UseGuide2_1242x2208.png */ = {isa = PBXFileReference; lastKnownFileType = image.png; path = UseGuide2_1242x2208.png; sourceTree = "<group>"; };
		75A287271EA5FF11009C9E31 /* UseGuide3_1242x2208.png */ = {isa = PBXFileReference; lastKnownFileType = image.png; path = UseGuide3_1242x2208.png; sourceTree = "<group>"; };
		75A287291EA5FF11009C9E31 /* UseGuide1_640x1136.png */ = {isa = PBXFileReference; lastKnownFileType = image.png; path = UseGuide1_640x1136.png; sourceTree = "<group>"; };
		75A2872A1EA5FF11009C9E31 /* UseGuide2_640x1136.png */ = {isa = PBXFileReference; lastKnownFileType = image.png; path = UseGuide2_640x1136.png; sourceTree = "<group>"; };
		75A2872B1EA5FF11009C9E31 /* UseGuide3_640x1136.png */ = {isa = PBXFileReference; lastKnownFileType = image.png; path = UseGuide3_640x1136.png; sourceTree = "<group>"; };
		75A2872D1EA5FF11009C9E31 /* UseGuide1_750x1334.png */ = {isa = PBXFileReference; lastKnownFileType = image.png; path = UseGuide1_750x1334.png; sourceTree = "<group>"; };
		75A2872E1EA5FF11009C9E31 /* UseGuide2_750x1334.png */ = {isa = PBXFileReference; lastKnownFileType = image.png; path = UseGuide2_750x1334.png; sourceTree = "<group>"; };
		75A2872F1EA5FF11009C9E31 /* UseGuide3_750x1334.png */ = {isa = PBXFileReference; lastKnownFileType = image.png; path = UseGuide3_750x1334.png; sourceTree = "<group>"; };
		75A287301EA5FF11009C9E31 /* UseGuideView.h */ = {isa = PBXFileReference; fileEncoding = 4; lastKnownFileType = sourcecode.c.h; path = UseGuideView.h; sourceTree = "<group>"; };
		75A287311EA5FF11009C9E31 /* UseGuideView.m */ = {isa = PBXFileReference; fileEncoding = 4; lastKnownFileType = sourcecode.c.objc; path = UseGuideView.m; sourceTree = "<group>"; };
		75A287341EA5FF11009C9E31 /* Error.jpeg */ = {isa = PBXFileReference; lastKnownFileType = image.jpeg; path = Error.jpeg; sourceTree = "<group>"; };
		75A287361EA5FF11009C9E31 /* example01.jpeg */ = {isa = PBXFileReference; lastKnownFileType = image.jpeg; path = example01.jpeg; sourceTree = "<group>"; };
		75A287371EA5FF11009C9E31 /* Info.plist */ = {isa = PBXFileReference; fileEncoding = 4; lastKnownFileType = text.plist.xml; path = Info.plist; sourceTree = "<group>"; };
		75A287381EA5FF11009C9E31 /* main.m */ = {isa = PBXFileReference; fileEncoding = 4; lastKnownFileType = sourcecode.c.objc; path = main.m; sourceTree = "<group>"; };
		75A287B71EA741C4009C9E31 /* JavaRulerCalculator.h */ = {isa = PBXFileReference; fileEncoding = 4; lastKnownFileType = sourcecode.c.h; path = JavaRulerCalculator.h; sourceTree = "<group>"; };
		75A287B81EA741C4009C9E31 /* JavaRulerCalculator.m */ = {isa = PBXFileReference; fileEncoding = 4; lastKnownFileType = sourcecode.c.objc; path = JavaRulerCalculator.m; sourceTree = "<group>"; };
		75C466691EA9A8D00083CB14 /* ParamSlider.h */ = {isa = PBXFileReference; fileEncoding = 4; lastKnownFileType = sourcecode.c.h; path = ParamSlider.h; sourceTree = "<group>"; };
		75C4666A1EA9A8D00083CB14 /* ParamSlider.m */ = {isa = PBXFileReference; fileEncoding = 4; lastKnownFileType = sourcecode.c.objc; path = ParamSlider.m; sourceTree = "<group>"; };
		75C466731EAEDC3E0083CB14 /* coin.png */ = {isa = PBXFileReference; lastKnownFileType = image.png; name = coin.png; path = CircleDetectDemo/Image/Source/coin.png; sourceTree = "<group>"; };
/* End PBXFileReference section */

/* Begin PBXFrameworksBuildPhase section */
		752BB15B1E95ECEC007BE3DD /* Frameworks */ = {
			isa = PBXFrameworksBuildPhase;
			buildActionMask = 2147483647;
			files = (
				7532CE041E9CAC41005B7845 /* ImageIO.framework in Frameworks */,
				50D6A2931E9B31E1006ACDE6 /* opencv2.framework in Frameworks */,
				0444EFDA1E978E3B00224B7E /* opencv2.framework in Frameworks */,
				752BB17A1E95EFEB007BE3DD /* AVFoundation.framework in Frameworks */,
			);
			runOnlyForDeploymentPostprocessing = 0;
		};
/* End PBXFrameworksBuildPhase section */

/* Begin PBXGroup section */
		752BB1551E95ECEC007BE3DD = {
			isa = PBXGroup;
			children = (
				75C466731EAEDC3E0083CB14 /* coin.png */,
				75A286ED1EA5FF11009C9E31 /* CircleDetectDemo */,
				752BB15F1E95ECEC007BE3DD /* Products */,
				752BB1781E95EFEB007BE3DD /* Frameworks */,
			);
			sourceTree = "<group>";
		};
		752BB15F1E95ECEC007BE3DD /* Products */ = {
			isa = PBXGroup;
			children = (
				752BB15E1E95ECEC007BE3DD /* CircleDetectDemo.app */,
			);
			name = Products;
			sourceTree = "<group>";
		};
		752BB1781E95EFEB007BE3DD /* Frameworks */ = {
			isa = PBXGroup;
			children = (
				7532CE031E9CAC41005B7845 /* ImageIO.framework */,
				50D6A2921E9B31E1006ACDE6 /* opencv2.framework */,
				0444EFD91E978E3B00224B7E /* opencv2.framework */,
				752BB1791E95EFEB007BE3DD /* AVFoundation.framework */,
			);
			name = Frameworks;
			sourceTree = "<group>";
		};
		75A286ED1EA5FF11009C9E31 /* CircleDetectDemo */ = {
			isa = PBXGroup;
			children = (
				75A286EE1EA5FF11009C9E31 /* AppDelegate.h */,
				75A286EF1EA5FF11009C9E31 /* AppDelegate.m */,
				75A286F01EA5FF11009C9E31 /* Assets.xcassets */,
				75A286F11EA5FF11009C9E31 /* LaunchScreen.storyboard */,
				75A286F31EA5FF11009C9E31 /* Main.storyboard */,
				75A286F51EA5FF11009C9E31 /* FishMeasure */,
				75A287321EA5FF11009C9E31 /* Image */,
				75A287371EA5FF11009C9E31 /* Info.plist */,
				75A287381EA5FF11009C9E31 /* main.m */,
			);
			path = CircleDetectDemo;
			sourceTree = "<group>";
		};
		75A286F51EA5FF11009C9E31 /* FishMeasure */ = {
			isa = PBXGroup;
			children = (
				75A286F61EA5FF11009C9E31 /* Controllers */,
				75A286FB1EA5FF11009C9E31 /* Models */,
				75A286FE1EA5FF11009C9E31 /* Tools */,
				75A287081EA5FF11009C9E31 /* Views */,
			);
			path = FishMeasure;
			sourceTree = "<group>";
		};
		75A286F61EA5FF11009C9E31 /* Controllers */ = {
			isa = PBXGroup;
			children = (
				75A286F71EA5FF11009C9E31 /* CoinDetectViewController.h */,
				75A286F81EA5FF11009C9E31 /* CoinDetectViewController.m */,
				75A286F91EA5FF11009C9E31 /* FishMeasureViewController.h */,
				75A286FA1EA5FF11009C9E31 /* FishMeasureViewController.m */,
			);
			path = Controllers;
			sourceTree = "<group>";
		};
		75A286FB1EA5FF11009C9E31 /* Models */ = {
			isa = PBXGroup;
			children = (
				75A286FC1EA5FF11009C9E31 /* CoinDetectModel.h */,
				75A286FD1EA5FF11009C9E31 /* CoinDetectModel.m */,
			);
			path = Models;
			sourceTree = "<group>";
		};
		75A286FE1EA5FF11009C9E31 /* Tools */ = {
			isa = PBXGroup;
			children = (
				75A286FF1EA5FF11009C9E31 /* CGGeometryConvertTool.h */,
				75A287001EA5FF11009C9E31 /* CGGeometryConvertTool.m */,
				75A287011EA5FF11009C9E31 /* ConfigureTool.h */,
				75A287021EA5FF11009C9E31 /* ConfigureTool.m */,
				75A287031EA5FF11009C9E31 /* DetectCircle */,
				75A287061EA5FF11009C9E31 /* UIImage+Rotate_Flip.h */,
				75A287071EA5FF11009C9E31 /* UIImage+Rotate_Flip.m */,
			);
			path = Tools;
			sourceTree = "<group>";
		};
		75A287031EA5FF11009C9E31 /* DetectCircle */ = {
			isa = PBXGroup;
			children = (
				75A287041EA5FF11009C9E31 /* DetectCircleTool.h */,
				75A287051EA5FF11009C9E31 /* DetectCircleTool.mm */,
			);
			path = DetectCircle;
			sourceTree = "<group>";
		};
		75A287081EA5FF11009C9E31 /* Views */ = {
			isa = PBXGroup;
			children = (
				75C466681EA9A8C20083CB14 /* ParamSlider */,
				75A287091EA5FF11009C9E31 /* CaptureImageView */,
				75A2870D1EA5FF11009C9E31 /* CoinDetect */,
				75A2871D1EA5FF11009C9E31 /* Ruler */,
				75A287221EA5FF11009C9E31 /* UseGuide */,
			);
			path = Views;
			sourceTree = "<group>";
		};
		75A287091EA5FF11009C9E31 /* CaptureImageView */ = {
			isa = PBXGroup;
			children = (
				75A2870A1EA5FF11009C9E31 /* CaptureImageView.h */,
				75A2870B1EA5FF11009C9E31 /* CaptureImageView.m */,
				75A2870C1EA5FF11009C9E31 /* logo.png */,
			);
			path = CaptureImageView;
			sourceTree = "<group>";
		};
		75A2870D1EA5FF11009C9E31 /* CoinDetect */ = {
			isa = PBXGroup;
			children = (
				75A2870E1EA5FF11009C9E31 /* AVCamPreviewView.h */,
				75A2870F1EA5FF11009C9E31 /* AVCamPreviewView.m */,
				75A287101EA5FF11009C9E31 /* CameraControlView.h */,
				75A287111EA5FF11009C9E31 /* CameraControlView.m */,
				75A287121EA5FF11009C9E31 /* CoinDetectView.h */,
				75A287131EA5FF11009C9E31 /* CoinDetectView.m */,
				75A287141EA5FF11009C9E31 /* Image */,
			);
			path = CoinDetect;
			sourceTree = "<group>";
		};
		75A287141EA5FF11009C9E31 /* Image */ = {
			isa = PBXGroup;
			children = (
				75A287151EA5FF11009C9E31 /* FlashLight_Off@2x.png */,
				75A287161EA5FF11009C9E31 /* FlashLight_Off@3x.png */,
				75A287171EA5FF11009C9E31 /* FlashLight_On@2x.png */,
				75A287181EA5FF11009C9E31 /* FlashLight_On@3x.png */,
				75A287191EA5FF11009C9E31 /* Guide@2x.png */,
				75A2871A1EA5FF11009C9E31 /* Guide@3x.png */,
				75A2871B1EA5FF11009C9E31 /* TakePicture@2x.png */,
				75A2871C1EA5FF11009C9E31 /* TakePicture@3x.png */,
			);
			path = Image;
			sourceTree = "<group>";
		};
		75A2871D1EA5FF11009C9E31 /* Ruler */ = {
			isa = PBXGroup;
			children = (
				75A287B71EA741C4009C9E31 /* JavaRulerCalculator.h */,
				75A287B81EA741C4009C9E31 /* JavaRulerCalculator.m */,
				75A2871E1EA5FF11009C9E31 /* RulerCalculator.h */,
				75A2871F1EA5FF11009C9E31 /* RulerCalculator.m */,
				75A287201EA5FF11009C9E31 /* RulerView.h */,
				75A287211EA5FF11009C9E31 /* RulerView.m */,
			);
			path = Ruler;
			sourceTree = "<group>";
		};
		75A287221EA5FF11009C9E31 /* UseGuide */ = {
			isa = PBXGroup;
			children = (
				75A287231EA5FF11009C9E31 /* UseGuideImage */,
				75A287301EA5FF11009C9E31 /* UseGuideView.h */,
				75A287311EA5FF11009C9E31 /* UseGuideView.m */,
			);
			path = UseGuide;
			sourceTree = "<group>";
		};
		75A287231EA5FF11009C9E31 /* UseGuideImage */ = {
			isa = PBXGroup;
			children = (
				75A287241EA5FF11009C9E31 /* 1242x2208 */,
				75A287281EA5FF11009C9E31 /* 640x1136 */,
				75A2872C1EA5FF11009C9E31 /* 750x1334 */,
			);
			path = UseGuideImage;
			sourceTree = "<group>";
		};
		75A287241EA5FF11009C9E31 /* 1242x2208 */ = {
			isa = PBXGroup;
			children = (
				75A287251EA5FF11009C9E31 /* UseGuide1_1242x2208.png */,
				75A287261EA5FF11009C9E31 /* UseGuide2_1242x2208.png */,
				75A287271EA5FF11009C9E31 /* UseGuide3_1242x2208.png */,
			);
			path = 1242x2208;
			sourceTree = "<group>";
		};
		75A287281EA5FF11009C9E31 /* 640x1136 */ = {
			isa = PBXGroup;
			children = (
				75A287291EA5FF11009C9E31 /* UseGuide1_640x1136.png */,
				75A2872A1EA5FF11009C9E31 /* UseGuide2_640x1136.png */,
				75A2872B1EA5FF11009C9E31 /* UseGuide3_640x1136.png */,
			);
			path = 640x1136;
			sourceTree = "<group>";
		};
		75A2872C1EA5FF11009C9E31 /* 750x1334 */ = {
			isa = PBXGroup;
			children = (
				75A2872D1EA5FF11009C9E31 /* UseGuide1_750x1334.png */,
				75A2872E1EA5FF11009C9E31 /* UseGuide2_750x1334.png */,
				75A2872F1EA5FF11009C9E31 /* UseGuide3_750x1334.png */,
			);
			path = 750x1334;
			sourceTree = "<group>";
		};
		75A287321EA5FF11009C9E31 /* Image */ = {
			isa = PBXGroup;
			children = (
				75A287331EA5FF11009C9E31 /* Error */,
				75A287351EA5FF11009C9E31 /* Example */,
			);
			path = Image;
			sourceTree = "<group>";
		};
		75A287331EA5FF11009C9E31 /* Error */ = {
			isa = PBXGroup;
			children = (
				75A287341EA5FF11009C9E31 /* Error.jpeg */,
			);
			path = Error;
			sourceTree = "<group>";
		};
		75A287351EA5FF11009C9E31 /* Example */ = {
			isa = PBXGroup;
			children = (
				75A287361EA5FF11009C9E31 /* example01.jpeg */,
			);
			path = Example;
			sourceTree = "<group>";
		};
		75C466681EA9A8C20083CB14 /* ParamSlider */ = {
			isa = PBXGroup;
			children = (
				75C466691EA9A8D00083CB14 /* ParamSlider.h */,
				75C4666A1EA9A8D00083CB14 /* ParamSlider.m */,
			);
			path = ParamSlider;
			sourceTree = "<group>";
		};
/* End PBXGroup section */

/* Begin PBXNativeTarget section */
		752BB15D1E95ECEC007BE3DD /* CircleDetectDemo */ = {
			isa = PBXNativeTarget;
			buildConfigurationList = 752BB1751E95ECEC007BE3DD /* Build configuration list for PBXNativeTarget "CircleDetectDemo" */;
			buildPhases = (
				752BB15A1E95ECEC007BE3DD /* Sources */,
				752BB15B1E95ECEC007BE3DD /* Frameworks */,
				752BB15C1E95ECEC007BE3DD /* Resources */,
			);
			buildRules = (
			);
			dependencies = (
			);
			name = CircleDetectDemo;
			productName = AVFoundationDemo;
			productReference = 752BB15E1E95ECEC007BE3DD /* CircleDetectDemo.app */;
			productType = "com.apple.product-type.application";
		};
/* End PBXNativeTarget section */

/* Begin PBXProject section */
		752BB1561E95ECEC007BE3DD /* Project object */ = {
			isa = PBXProject;
			attributes = {
				LastUpgradeCheck = 0830;
				ORGANIZATIONNAME = Story5;
				TargetAttributes = {
					752BB15D1E95ECEC007BE3DD = {
						CreatedOnToolsVersion = 8.3;
						DevelopmentTeam = SHCZNHJ2VF;
						ProvisioningStyle = Automatic;
					};
				};
			};
			buildConfigurationList = 752BB1591E95ECEC007BE3DD /* Build configuration list for PBXProject "CircleDetectDemo" */;
			compatibilityVersion = "Xcode 3.2";
			developmentRegion = English;
			hasScannedForEncodings = 0;
			knownRegions = (
				en,
				Base,
			);
			mainGroup = 752BB1551E95ECEC007BE3DD;
			productRefGroup = 752BB15F1E95ECEC007BE3DD /* Products */;
			projectDirPath = "";
			projectRoot = "";
			targets = (
				752BB15D1E95ECEC007BE3DD /* CircleDetectDemo */,
			);
		};
/* End PBXProject section */

/* Begin PBXResourcesBuildPhase section */
		752BB15C1E95ECEC007BE3DD /* Resources */ = {
			isa = PBXResourcesBuildPhase;
			buildActionMask = 2147483647;
			files = (
				75A287491EA5FF11009C9E31 /* FlashLight_Off@2x.png in Resources */,
				75C466741EAEDC3E0083CB14 /* coin.png in Resources */,
				75A287561EA5FF11009C9E31 /* UseGuide1_640x1136.png in Resources */,
				75A2874D1EA5FF11009C9E31 /* Guide@2x.png in Resources */,
				75A2874E1EA5FF11009C9E31 /* Guide@3x.png in Resources */,
				75A2874F1EA5FF11009C9E31 /* TakePicture@2x.png in Resources */,
				75A287571EA5FF11009C9E31 /* UseGuide2_640x1136.png in Resources */,
				75A2874A1EA5FF11009C9E31 /* FlashLight_Off@3x.png in Resources */,
				75A287531EA5FF11009C9E31 /* UseGuide1_1242x2208.png in Resources */,
				75A2875F1EA5FF11009C9E31 /* Info.plist in Resources */,
				75A2875A1EA5FF11009C9E31 /* UseGuide2_750x1334.png in Resources */,
				75A287451EA5FF11009C9E31 /* logo.png in Resources */,
				75A2873C1EA5FF11009C9E31 /* Main.storyboard in Resources */,
				75A2874C1EA5FF11009C9E31 /* FlashLight_On@3x.png in Resources */,
				75A287581EA5FF11009C9E31 /* UseGuide3_640x1136.png in Resources */,
				75A287591EA5FF11009C9E31 /* UseGuide1_750x1334.png in Resources */,
				75A287541EA5FF11009C9E31 /* UseGuide2_1242x2208.png in Resources */,
				75A2875E1EA5FF11009C9E31 /* example01.jpeg in Resources */,
				75A287551EA5FF11009C9E31 /* UseGuide3_1242x2208.png in Resources */,
				75A2875D1EA5FF11009C9E31 /* Error.jpeg in Resources */,
				75A2875B1EA5FF11009C9E31 /* UseGuide3_750x1334.png in Resources */,
				75A2873A1EA5FF11009C9E31 /* Assets.xcassets in Resources */,
				75A287501EA5FF11009C9E31 /* TakePicture@3x.png in Resources */,
				75A2873B1EA5FF11009C9E31 /* LaunchScreen.storyboard in Resources */,
				75A2874B1EA5FF11009C9E31 /* FlashLight_On@2x.png in Resources */,
			);
			runOnlyForDeploymentPostprocessing = 0;
		};
/* End PBXResourcesBuildPhase section */

/* Begin PBXSourcesBuildPhase section */
		752BB15A1E95ECEC007BE3DD /* Sources */ = {
			isa = PBXSourcesBuildPhase;
			buildActionMask = 2147483647;
			files = (
				75A287401EA5FF11009C9E31 /* CGGeometryConvertTool.m in Sources */,
				75A2873D1EA5FF11009C9E31 /* CoinDetectViewController.m in Sources */,
				75A2875C1EA5FF11009C9E31 /* UseGuideView.m in Sources */,
				75A287471EA5FF11009C9E31 /* CameraControlView.m in Sources */,
				75A287411EA5FF11009C9E31 /* ConfigureTool.m in Sources */,
				75A2873E1EA5FF11009C9E31 /* FishMeasureViewController.m in Sources */,
				75A287601EA5FF11009C9E31 /* main.m in Sources */,
				75A287461EA5FF11009C9E31 /* AVCamPreviewView.m in Sources */,
				75A287511EA5FF11009C9E31 /* RulerCalculator.m in Sources */,
				75A287421EA5FF11009C9E31 /* DetectCircleTool.mm in Sources */,
				75C4666B1EA9A8D00083CB14 /* ParamSlider.m in Sources */,
				75A287431EA5FF11009C9E31 /* UIImage+Rotate_Flip.m in Sources */,
				75A287521EA5FF11009C9E31 /* RulerView.m in Sources */,
				75A287481EA5FF11009C9E31 /* CoinDetectView.m in Sources */,
				75A287391EA5FF11009C9E31 /* AppDelegate.m in Sources */,
				75A287441EA5FF11009C9E31 /* CaptureImageView.m in Sources */,
				75A2873F1EA5FF11009C9E31 /* CoinDetectModel.m in Sources */,
				75A287B91EA741C4009C9E31 /* JavaRulerCalculator.m in Sources */,
			);
			runOnlyForDeploymentPostprocessing = 0;
		};
/* End PBXSourcesBuildPhase section */

/* Begin PBXVariantGroup section */
		75A286F11EA5FF11009C9E31 /* LaunchScreen.storyboard */ = {
			isa = PBXVariantGroup;
			children = (
				75A286F21EA5FF11009C9E31 /* Base */,
			);
			name = LaunchScreen.storyboard;
			sourceTree = "<group>";
		};
		75A286F31EA5FF11009C9E31 /* Main.storyboard */ = {
			isa = PBXVariantGroup;
			children = (
				75A286F41EA5FF11009C9E31 /* Base */,
			);
			name = Main.storyboard;
			sourceTree = "<group>";
		};
/* End PBXVariantGroup section */

/* Begin XCBuildConfiguration section */
		752BB1731E95ECEC007BE3DD /* Debug */ = {
			isa = XCBuildConfiguration;
			buildSettings = {
				ALWAYS_SEARCH_USER_PATHS = NO;
				CLANG_ANALYZER_NONNULL = YES;
				CLANG_ANALYZER_NUMBER_OBJECT_CONVERSION = YES_AGGRESSIVE;
				CLANG_CXX_LANGUAGE_STANDARD = "gnu++0x";
				CLANG_CXX_LIBRARY = "libc++";
				CLANG_ENABLE_MODULES = YES;
				CLANG_ENABLE_OBJC_ARC = YES;
				CLANG_WARN_BOOL_CONVERSION = YES;
				CLANG_WARN_CONSTANT_CONVERSION = YES;
				CLANG_WARN_DIRECT_OBJC_ISA_USAGE = YES_ERROR;
				CLANG_WARN_DOCUMENTATION_COMMENTS = YES;
				CLANG_WARN_EMPTY_BODY = YES;
				CLANG_WARN_ENUM_CONVERSION = YES;
				CLANG_WARN_INFINITE_RECURSION = YES;
				CLANG_WARN_INT_CONVERSION = YES;
				CLANG_WARN_OBJC_ROOT_CLASS = YES_ERROR;
				CLANG_WARN_SUSPICIOUS_MOVE = YES;
				CLANG_WARN_UNREACHABLE_CODE = YES;
				CLANG_WARN__DUPLICATE_METHOD_MATCH = YES;
				"CODE_SIGN_IDENTITY[sdk=iphoneos*]" = "iPhone Developer";
				COPY_PHASE_STRIP = NO;
				DEBUG_INFORMATION_FORMAT = dwarf;
				ENABLE_STRICT_OBJC_MSGSEND = YES;
				ENABLE_TESTABILITY = YES;
				GCC_C_LANGUAGE_STANDARD = gnu99;
				GCC_DYNAMIC_NO_PIC = NO;
				GCC_NO_COMMON_BLOCKS = YES;
				GCC_OPTIMIZATION_LEVEL = 0;
				GCC_PREPROCESSOR_DEFINITIONS = (
					"DEBUG=1",
					"$(inherited)",
				);
				GCC_WARN_64_TO_32_BIT_CONVERSION = YES;
				GCC_WARN_ABOUT_RETURN_TYPE = YES_ERROR;
				GCC_WARN_UNDECLARED_SELECTOR = YES;
				GCC_WARN_UNINITIALIZED_AUTOS = YES_AGGRESSIVE;
				GCC_WARN_UNUSED_FUNCTION = YES;
				GCC_WARN_UNUSED_VARIABLE = YES;
				IPHONEOS_DEPLOYMENT_TARGET = 10.3;
				MTL_ENABLE_DEBUG_INFO = YES;
				ONLY_ACTIVE_ARCH = YES;
				SDKROOT = iphoneos;
			};
			name = Debug;
		};
		752BB1741E95ECEC007BE3DD /* Release */ = {
			isa = XCBuildConfiguration;
			buildSettings = {
				ALWAYS_SEARCH_USER_PATHS = NO;
				CLANG_ANALYZER_NONNULL = YES;
				CLANG_ANALYZER_NUMBER_OBJECT_CONVERSION = YES_AGGRESSIVE;
				CLANG_CXX_LANGUAGE_STANDARD = "gnu++0x";
				CLANG_CXX_LIBRARY = "libc++";
				CLANG_ENABLE_MODULES = YES;
				CLANG_ENABLE_OBJC_ARC = YES;
				CLANG_WARN_BOOL_CONVERSION = YES;
				CLANG_WARN_CONSTANT_CONVERSION = YES;
				CLANG_WARN_DIRECT_OBJC_ISA_USAGE = YES_ERROR;
				CLANG_WARN_DOCUMENTATION_COMMENTS = YES;
				CLANG_WARN_EMPTY_BODY = YES;
				CLANG_WARN_ENUM_CONVERSION = YES;
				CLANG_WARN_INFINITE_RECURSION = YES;
				CLANG_WARN_INT_CONVERSION = YES;
				CLANG_WARN_OBJC_ROOT_CLASS = YES_ERROR;
				CLANG_WARN_SUSPICIOUS_MOVE = YES;
				CLANG_WARN_UNREACHABLE_CODE = YES;
				CLANG_WARN__DUPLICATE_METHOD_MATCH = YES;
				"CODE_SIGN_IDENTITY[sdk=iphoneos*]" = "iPhone Developer";
				COPY_PHASE_STRIP = NO;
				DEBUG_INFORMATION_FORMAT = "dwarf-with-dsym";
				ENABLE_NS_ASSERTIONS = NO;
				ENABLE_STRICT_OBJC_MSGSEND = YES;
				GCC_C_LANGUAGE_STANDARD = gnu99;
				GCC_NO_COMMON_BLOCKS = YES;
				GCC_WARN_64_TO_32_BIT_CONVERSION = YES;
				GCC_WARN_ABOUT_RETURN_TYPE = YES_ERROR;
				GCC_WARN_UNDECLARED_SELECTOR = YES;
				GCC_WARN_UNINITIALIZED_AUTOS = YES_AGGRESSIVE;
				GCC_WARN_UNUSED_FUNCTION = YES;
				GCC_WARN_UNUSED_VARIABLE = YES;
				IPHONEOS_DEPLOYMENT_TARGET = 10.3;
				MTL_ENABLE_DEBUG_INFO = NO;
				SDKROOT = iphoneos;
				VALIDATE_PRODUCT = YES;
			};
			name = Release;
		};
		752BB1761E95ECEC007BE3DD /* Debug */ = {
			isa = XCBuildConfiguration;
			buildSettings = {
				ASSETCATALOG_COMPILER_APPICON_NAME = AppIcon;
				DEVELOPMENT_TEAM = SHCZNHJ2VF;
				FRAMEWORK_SEARCH_PATHS = (
					"$(inherited)",
					"$(PROJECT_DIR)",
					"$(PROJECT_DIR)/AVFoundationDemo",
				);
				INFOPLIST_FILE = "$(SRCROOT)/CircleDetectDemo/Info.plist";
				IPHONEOS_DEPLOYMENT_TARGET = 8.0;
				LD_RUNPATH_SEARCH_PATHS = "$(inherited) @executable_path/Frameworks";
				PRODUCT_BUNDLE_IDENTIFIER = com.Story5.AVFoundationDemo;
				PRODUCT_NAME = "$(TARGET_NAME)";
			};
			name = Debug;
		};
		752BB1771E95ECEC007BE3DD /* Release */ = {
			isa = XCBuildConfiguration;
			buildSettings = {
				ASSETCATALOG_COMPILER_APPICON_NAME = AppIcon;
				DEVELOPMENT_TEAM = SHCZNHJ2VF;
				FRAMEWORK_SEARCH_PATHS = (
					"$(inherited)",
					"$(PROJECT_DIR)",
					"$(PROJECT_DIR)/AVFoundationDemo",
				);
				INFOPLIST_FILE = "$(SRCROOT)/CircleDetectDemo/Info.plist";
				IPHONEOS_DEPLOYMENT_TARGET = 8.0;
				LD_RUNPATH_SEARCH_PATHS = "$(inherited) @executable_path/Frameworks";
				PRODUCT_BUNDLE_IDENTIFIER = com.Story5.AVFoundationDemo;
				PRODUCT_NAME = "$(TARGET_NAME)";
			};
			name = Release;
		};
/* End XCBuildConfiguration section */

/* Begin XCConfigurationList section */
		752BB1591E95ECEC007BE3DD /* Build configuration list for PBXProject "CircleDetectDemo" */ = {
			isa = XCConfigurationList;
			buildConfigurations = (
				752BB1731E95ECEC007BE3DD /* Debug */,
				752BB1741E95ECEC007BE3DD /* Release */,
			);
			defaultConfigurationIsVisible = 0;
			defaultConfigurationName = Release;
		};
		752BB1751E95ECEC007BE3DD /* Build configuration list for PBXNativeTarget "CircleDetectDemo" */ = {
			isa = XCConfigurationList;
			buildConfigurations = (
				752BB1761E95ECEC007BE3DD /* Debug */,
				752BB1771E95ECEC007BE3DD /* Release */,
			);
			defaultConfigurationIsVisible = 0;
			defaultConfigurationName = Release;
		};
/* End XCConfigurationList section */
	};
	rootObject = 752BB1561E95ECEC007BE3DD /* Project object */;
}
