// !$*UTF8*$!
{
	archiveVersion = 1;
	classes = {
	};
	objectVersion = 46;
	objects = {

/* Begin PBXBuildFile section */
		0444EFDA1E978E3B00224B7E /* opencv2.framework in Frameworks */ = {isa = PBXBuildFile; fileRef = 0444EFD91E978E3B00224B7E /* opencv2.framework */; };
		50D6A2931E9B31E1006ACDE6 /* opencv2.framework in Frameworks */ = {isa = PBXBuildFile; fileRef = 50D6A2921E9B31E1006ACDE6 /* opencv2.framework */; };
		50D6A2961E9B5AA0006ACDE6 /* STView.m in Sources */ = {isa = PBXBuildFile; fileRef = 50D6A2951E9B5AA0006ACDE6 /* STView.m */; };
		752BB1631E95ECEC007BE3DD /* main.m in Sources */ = {isa = PBXBuildFile; fileRef = 752BB1621E95ECEC007BE3DD /* main.m */; };
		752BB1661E95ECEC007BE3DD /* AppDelegate.m in Sources */ = {isa = PBXBuildFile; fileRef = 752BB1651E95ECEC007BE3DD /* AppDelegate.m */; };
		752BB16C1E95ECEC007BE3DD /* Main.storyboard in Resources */ = {isa = PBXBuildFile; fileRef = 752BB16A1E95ECEC007BE3DD /* Main.storyboard */; };
		752BB16E1E95ECEC007BE3DD /* Assets.xcassets in Resources */ = {isa = PBXBuildFile; fileRef = 752BB16D1E95ECEC007BE3DD /* Assets.xcassets */; };
		752BB1711E95ECEC007BE3DD /* LaunchScreen.storyboard in Resources */ = {isa = PBXBuildFile; fileRef = 752BB16F1E95ECEC007BE3DD /* LaunchScreen.storyboard */; };
		752BB17A1E95EFEB007BE3DD /* AVFoundation.framework in Frameworks */ = {isa = PBXBuildFile; fileRef = 752BB1791E95EFEB007BE3DD /* AVFoundation.framework */; };
		752BB18B1E97689E007BE3DD /* AVCamPreviewView.m in Sources */ = {isa = PBXBuildFile; fileRef = 752BB1871E97689E007BE3DD /* AVCamPreviewView.m */; };
		752BB18C1E97689E007BE3DD /* FishMeasureViewController.m in Sources */ = {isa = PBXBuildFile; fileRef = 752BB1891E97689E007BE3DD /* FishMeasureViewController.m */; };
		752BB18F1E9768B8007BE3DD /* DetectCircleTool.mm in Sources */ = {isa = PBXBuildFile; fileRef = 752BB18E1E9768B8007BE3DD /* DetectCircleTool.mm */; };
		75E70BE01E9B0D1A00CCB1B4 /* CoinDetectView.m in Sources */ = {isa = PBXBuildFile; fileRef = 75E70BDF1E9B0D1A00CCB1B4 /* CoinDetectView.m */; };
		75E70BE51E9B2F4400CCB1B4 /* RHViewController.m in Sources */ = {isa = PBXBuildFile; fileRef = 75E70BE31E9B2F4400CCB1B4 /* RHViewController.m */; };
		75E70BE81E9B2F5F00CCB1B4 /* STViewController.m in Sources */ = {isa = PBXBuildFile; fileRef = 75E70BE71E9B2F5F00CCB1B4 /* STViewController.m */; };
		75E70BEB1E9B33A900CCB1B4 /* RHCoinDetectView.m in Sources */ = {isa = PBXBuildFile; fileRef = 75E70BEA1E9B33A900CCB1B4 /* RHCoinDetectView.m */; };
		75E70BEE1E9B33CA00CCB1B4 /* STCoinDetectView.m in Sources */ = {isa = PBXBuildFile; fileRef = 75E70BED1E9B33CA00CCB1B4 /* STCoinDetectView.m */; };
		75E70BFA1E9B375400CCB1B4 /* flag.png in Resources */ = {isa = PBXBuildFile; fileRef = 75E70BF41E9B375400CCB1B4 /* flag.png */; };
		75E70BFB1E9B375400CCB1B4 /* icon1.png in Resources */ = {isa = PBXBuildFile; fileRef = 75E70BF61E9B375400CCB1B4 /* icon1.png */; };
		75E70BFC1E9B375400CCB1B4 /* icon1@2x.png in Resources */ = {isa = PBXBuildFile; fileRef = 75E70BF71E9B375400CCB1B4 /* icon1@2x.png */; };
		75E70BFD1E9B375400CCB1B4 /* icon1@3x.png in Resources */ = {isa = PBXBuildFile; fileRef = 75E70BF81E9B375400CCB1B4 /* icon1@3x.png */; };
		75E70C041E9B4EA800CCB1B4 /* icon2.png in Resources */ = {isa = PBXBuildFile; fileRef = 75E70C011E9B4EA800CCB1B4 /* icon2.png */; };
		75E70C051E9B4EA800CCB1B4 /* icon2@2x.png in Resources */ = {isa = PBXBuildFile; fileRef = 75E70C021E9B4EA800CCB1B4 /* icon2@2x.png */; };
		75E70C061E9B4EA800CCB1B4 /* icon2@3x.png in Resources */ = {isa = PBXBuildFile; fileRef = 75E70C031E9B4EA800CCB1B4 /* icon2@3x.png */; };
		75E70C0A1E9B505400CCB1B4 /* icon3.png in Resources */ = {isa = PBXBuildFile; fileRef = 75E70C071E9B505400CCB1B4 /* icon3.png */; };
		75E70C0B1E9B505400CCB1B4 /* icon3@2x.png in Resources */ = {isa = PBXBuildFile; fileRef = 75E70C081E9B505400CCB1B4 /* icon3@2x.png */; };
		75E70C0C1E9B505400CCB1B4 /* icon3@3x.png in Resources */ = {isa = PBXBuildFile; fileRef = 75E70C091E9B505400CCB1B4 /* icon3@3x.png */; };
		75E70C121E9B5F8C00CCB1B4 /* DrawCircleView.m in Sources */ = {isa = PBXBuildFile; fileRef = 75E70C111E9B5F8C00CCB1B4 /* DrawCircleView.m */; };
		75E70C151E9B6A7900CCB1B4 /* UIImage+Rotate_Flip.m in Sources */ = {isa = PBXBuildFile; fileRef = 75E70C141E9B6A7900CCB1B4 /* UIImage+Rotate_Flip.m */; };
		75E70C181E9B729000CCB1B4 /* CGGeometryConvertTool.m in Sources */ = {isa = PBXBuildFile; fileRef = 75E70C171E9B729000CCB1B4 /* CGGeometryConvertTool.m */; };
		75E70C1A1E9B8E2B00CCB1B4 /* logo.png in Resources */ = {isa = PBXBuildFile; fileRef = 75E70C191E9B8E2B00CCB1B4 /* logo.png */; };
/* End PBXBuildFile section */

/* Begin PBXFileReference section */
		0444EFD91E978E3B00224B7E /* opencv2.framework */ = {isa = PBXFileReference; lastKnownFileType = wrapper.framework; name = opencv2.framework; path = AVFoundationDemo/opencv2.framework; sourceTree = "<group>"; };
		50D6A2921E9B31E1006ACDE6 /* opencv2.framework */ = {isa = PBXFileReference; lastKnownFileType = wrapper.framework; path = opencv2.framework; sourceTree = "<group>"; };
		50D6A2941E9B5AA0006ACDE6 /* STView.h */ = {isa = PBXFileReference; fileEncoding = 4; lastKnownFileType = sourcecode.c.h; path = STView.h; sourceTree = "<group>"; };
		50D6A2951E9B5AA0006ACDE6 /* STView.m */ = {isa = PBXFileReference; fileEncoding = 4; lastKnownFileType = sourcecode.c.objc; path = STView.m; sourceTree = "<group>"; };
		752BB15E1E95ECEC007BE3DD /* AVFoundationDemo.app */ = {isa = PBXFileReference; explicitFileType = wrapper.application; includeInIndex = 0; path = AVFoundationDemo.app; sourceTree = BUILT_PRODUCTS_DIR; };
		752BB1621E95ECEC007BE3DD /* main.m */ = {isa = PBXFileReference; lastKnownFileType = sourcecode.c.objc; path = main.m; sourceTree = "<group>"; };
		752BB1641E95ECEC007BE3DD /* AppDelegate.h */ = {isa = PBXFileReference; lastKnownFileType = sourcecode.c.h; path = AppDelegate.h; sourceTree = "<group>"; };
		752BB1651E95ECEC007BE3DD /* AppDelegate.m */ = {isa = PBXFileReference; lastKnownFileType = sourcecode.c.objc; path = AppDelegate.m; sourceTree = "<group>"; };
		752BB16B1E95ECEC007BE3DD /* Base */ = {isa = PBXFileReference; lastKnownFileType = file.storyboard; name = Base; path = Base.lproj/Main.storyboard; sourceTree = "<group>"; };
		752BB16D1E95ECEC007BE3DD /* Assets.xcassets */ = {isa = PBXFileReference; lastKnownFileType = folder.assetcatalog; path = Assets.xcassets; sourceTree = "<group>"; };
		752BB1701E95ECEC007BE3DD /* Base */ = {isa = PBXFileReference; lastKnownFileType = file.storyboard; name = Base; path = Base.lproj/LaunchScreen.storyboard; sourceTree = "<group>"; };
		752BB1721E95ECEC007BE3DD /* Info.plist */ = {isa = PBXFileReference; lastKnownFileType = text.plist.xml; path = Info.plist; sourceTree = "<group>"; };
		752BB1791E95EFEB007BE3DD /* AVFoundation.framework */ = {isa = PBXFileReference; lastKnownFileType = wrapper.framework; name = AVFoundation.framework; path = System/Library/Frameworks/AVFoundation.framework; sourceTree = SDKROOT; };
		752BB1861E97689E007BE3DD /* AVCamPreviewView.h */ = {isa = PBXFileReference; fileEncoding = 4; lastKnownFileType = sourcecode.c.h; path = AVCamPreviewView.h; sourceTree = "<group>"; };
		752BB1871E97689E007BE3DD /* AVCamPreviewView.m */ = {isa = PBXFileReference; fileEncoding = 4; lastKnownFileType = sourcecode.c.objc; path = AVCamPreviewView.m; sourceTree = "<group>"; };
		752BB1881E97689E007BE3DD /* FishMeasureViewController.h */ = {isa = PBXFileReference; fileEncoding = 4; lastKnownFileType = sourcecode.c.h; path = FishMeasureViewController.h; sourceTree = "<group>"; };
		752BB1891E97689E007BE3DD /* FishMeasureViewController.m */ = {isa = PBXFileReference; fileEncoding = 4; lastKnownFileType = sourcecode.c.objc; path = FishMeasureViewController.m; sourceTree = "<group>"; };
		752BB18D1E9768B8007BE3DD /* DetectCircleTool.h */ = {isa = PBXFileReference; fileEncoding = 4; lastKnownFileType = sourcecode.c.h; path = DetectCircleTool.h; sourceTree = "<group>"; };
		752BB18E1E9768B8007BE3DD /* DetectCircleTool.mm */ = {isa = PBXFileReference; fileEncoding = 4; lastKnownFileType = sourcecode.cpp.objcpp; path = DetectCircleTool.mm; sourceTree = "<group>"; };
		75E70BDE1E9B0D1A00CCB1B4 /* CoinDetectView.h */ = {isa = PBXFileReference; fileEncoding = 4; lastKnownFileType = sourcecode.c.h; path = CoinDetectView.h; sourceTree = "<group>"; };
		75E70BDF1E9B0D1A00CCB1B4 /* CoinDetectView.m */ = {isa = PBXFileReference; fileEncoding = 4; lastKnownFileType = sourcecode.c.objc; path = CoinDetectView.m; sourceTree = "<group>"; };
		75E70BE21E9B2F4400CCB1B4 /* RHViewController.h */ = {isa = PBXFileReference; fileEncoding = 4; lastKnownFileType = sourcecode.c.h; path = RHViewController.h; sourceTree = "<group>"; };
		75E70BE31E9B2F4400CCB1B4 /* RHViewController.m */ = {isa = PBXFileReference; fileEncoding = 4; lastKnownFileType = sourcecode.c.objc; path = RHViewController.m; sourceTree = "<group>"; };
		75E70BE61E9B2F5F00CCB1B4 /* STViewController.h */ = {isa = PBXFileReference; fileEncoding = 4; lastKnownFileType = sourcecode.c.h; path = STViewController.h; sourceTree = "<group>"; };
		75E70BE71E9B2F5F00CCB1B4 /* STViewController.m */ = {isa = PBXFileReference; fileEncoding = 4; lastKnownFileType = sourcecode.c.objc; path = STViewController.m; sourceTree = "<group>"; };
		75E70BE91E9B33A900CCB1B4 /* RHCoinDetectView.h */ = {isa = PBXFileReference; fileEncoding = 4; lastKnownFileType = sourcecode.c.h; path = RHCoinDetectView.h; sourceTree = "<group>"; };
		75E70BEA1E9B33A900CCB1B4 /* RHCoinDetectView.m */ = {isa = PBXFileReference; fileEncoding = 4; lastKnownFileType = sourcecode.c.objc; path = RHCoinDetectView.m; sourceTree = "<group>"; };
		75E70BEC1E9B33CA00CCB1B4 /* STCoinDetectView.h */ = {isa = PBXFileReference; fileEncoding = 4; lastKnownFileType = sourcecode.c.h; path = STCoinDetectView.h; sourceTree = "<group>"; };
		75E70BED1E9B33CA00CCB1B4 /* STCoinDetectView.m */ = {isa = PBXFileReference; fileEncoding = 4; lastKnownFileType = sourcecode.c.objc; path = STCoinDetectView.m; sourceTree = "<group>"; };
		75E70BF41E9B375400CCB1B4 /* flag.png */ = {isa = PBXFileReference; lastKnownFileType = image.png; path = flag.png; sourceTree = "<group>"; };
		75E70BF61E9B375400CCB1B4 /* icon1.png */ = {isa = PBXFileReference; lastKnownFileType = image.png; path = icon1.png; sourceTree = "<group>"; };
		75E70BF71E9B375400CCB1B4 /* icon1@2x.png */ = {isa = PBXFileReference; lastKnownFileType = image.png; path = "icon1@2x.png"; sourceTree = "<group>"; };
		75E70BF81E9B375400CCB1B4 /* icon1@3x.png */ = {isa = PBXFileReference; lastKnownFileType = image.png; path = "icon1@3x.png"; sourceTree = "<group>"; };
		75E70C011E9B4EA800CCB1B4 /* icon2.png */ = {isa = PBXFileReference; lastKnownFileType = image.png; path = icon2.png; sourceTree = "<group>"; };
		75E70C021E9B4EA800CCB1B4 /* icon2@2x.png */ = {isa = PBXFileReference; lastKnownFileType = image.png; path = "icon2@2x.png"; sourceTree = "<group>"; };
		75E70C031E9B4EA800CCB1B4 /* icon2@3x.png */ = {isa = PBXFileReference; lastKnownFileType = image.png; path = "icon2@3x.png"; sourceTree = "<group>"; };
		75E70C071E9B505400CCB1B4 /* icon3.png */ = {isa = PBXFileReference; lastKnownFileType = image.png; path = icon3.png; sourceTree = "<group>"; };
		75E70C081E9B505400CCB1B4 /* icon3@2x.png */ = {isa = PBXFileReference; lastKnownFileType = image.png; path = "icon3@2x.png"; sourceTree = "<group>"; };
		75E70C091E9B505400CCB1B4 /* icon3@3x.png */ = {isa = PBXFileReference; lastKnownFileType = image.png; path = "icon3@3x.png"; sourceTree = "<group>"; };
		75E70C101E9B5F8C00CCB1B4 /* DrawCircleView.h */ = {isa = PBXFileReference; fileEncoding = 4; lastKnownFileType = sourcecode.c.h; path = DrawCircleView.h; sourceTree = "<group>"; };
		75E70C111E9B5F8C00CCB1B4 /* DrawCircleView.m */ = {isa = PBXFileReference; fileEncoding = 4; lastKnownFileType = sourcecode.c.objc; path = DrawCircleView.m; sourceTree = "<group>"; };
		75E70C131E9B6A7900CCB1B4 /* UIImage+Rotate_Flip.h */ = {isa = PBXFileReference; fileEncoding = 4; lastKnownFileType = sourcecode.c.h; path = "UIImage+Rotate_Flip.h"; sourceTree = "<group>"; };
		75E70C141E9B6A7900CCB1B4 /* UIImage+Rotate_Flip.m */ = {isa = PBXFileReference; fileEncoding = 4; lastKnownFileType = sourcecode.c.objc; path = "UIImage+Rotate_Flip.m"; sourceTree = "<group>"; };
		75E70C161E9B729000CCB1B4 /* CGGeometryConvertTool.h */ = {isa = PBXFileReference; fileEncoding = 4; lastKnownFileType = sourcecode.c.h; path = CGGeometryConvertTool.h; sourceTree = "<group>"; };
		75E70C171E9B729000CCB1B4 /* CGGeometryConvertTool.m */ = {isa = PBXFileReference; fileEncoding = 4; lastKnownFileType = sourcecode.c.objc; path = CGGeometryConvertTool.m; sourceTree = "<group>"; };
		75E70C191E9B8E2B00CCB1B4 /* logo.png */ = {isa = PBXFileReference; lastKnownFileType = image.png; path = logo.png; sourceTree = "<group>"; };
/* End PBXFileReference section */

/* Begin PBXFrameworksBuildPhase section */
		752BB15B1E95ECEC007BE3DD /* Frameworks */ = {
			isa = PBXFrameworksBuildPhase;
			buildActionMask = 2147483647;
			files = (
				50D6A2931E9B31E1006ACDE6 /* opencv2.framework in Frameworks */,
				0444EFDA1E978E3B00224B7E /* opencv2.framework in Frameworks */,
				752BB17A1E95EFEB007BE3DD /* AVFoundation.framework in Frameworks */,
			);
			runOnlyForDeploymentPostprocessing = 0;
		};
/* End PBXFrameworksBuildPhase section */

/* Begin PBXGroup section */
		752BB1551E95ECEC007BE3DD = {
			isa = PBXGroup;
			children = (
				752BB1601E95ECEC007BE3DD /* AVFoundationDemo */,
				752BB15F1E95ECEC007BE3DD /* Products */,
				752BB1781E95EFEB007BE3DD /* Frameworks */,
			);
			sourceTree = "<group>";
		};
		752BB15F1E95ECEC007BE3DD /* Products */ = {
			isa = PBXGroup;
			children = (
				752BB15E1E95ECEC007BE3DD /* AVFoundationDemo.app */,
			);
			name = Products;
			sourceTree = "<group>";
		};
		752BB1601E95ECEC007BE3DD /* AVFoundationDemo */ = {
			isa = PBXGroup;
			children = (
				75E70BF31E9B375400CCB1B4 /* Image */,
				752BB1641E95ECEC007BE3DD /* AppDelegate.h */,
				752BB1651E95ECEC007BE3DD /* AppDelegate.m */,
				752BB17E1E975BE5007BE3DD /* StoryXcode */,
				75E70BE11E9B2F4400CCB1B4 /* RH */,
				75E70BE41E9B2F4400CCB1B4 /* ST */,
				752BB16A1E95ECEC007BE3DD /* Main.storyboard */,
				752BB16D1E95ECEC007BE3DD /* Assets.xcassets */,
				752BB16F1E95ECEC007BE3DD /* LaunchScreen.storyboard */,
				752BB1721E95ECEC007BE3DD /* Info.plist */,
				752BB1611E95ECEC007BE3DD /* Supporting Files */,
			);
			path = AVFoundationDemo;
			sourceTree = "<group>";
		};
		752BB1611E95ECEC007BE3DD /* Supporting Files */ = {
			isa = PBXGroup;
			children = (
				752BB1621E95ECEC007BE3DD /* main.m */,
			);
			name = "Supporting Files";
			sourceTree = "<group>";
		};
		752BB1781E95EFEB007BE3DD /* Frameworks */ = {
			isa = PBXGroup;
			children = (
				50D6A2921E9B31E1006ACDE6 /* opencv2.framework */,
				0444EFD91E978E3B00224B7E /* opencv2.framework */,
				752BB1791E95EFEB007BE3DD /* AVFoundation.framework */,
			);
			name = Frameworks;
			sourceTree = "<group>";
		};
		752BB17E1E975BE5007BE3DD /* StoryXcode */ = {
			isa = PBXGroup;
			children = (
				752BB1851E97689E007BE3DD /* CaptureImage */,
				752BB18A1E97689E007BE3DD /* DetectCircle */,
				75E70C131E9B6A7900CCB1B4 /* UIImage+Rotate_Flip.h */,
				75E70C141E9B6A7900CCB1B4 /* UIImage+Rotate_Flip.m */,
				75E70C161E9B729000CCB1B4 /* CGGeometryConvertTool.h */,
				75E70C171E9B729000CCB1B4 /* CGGeometryConvertTool.m */,
			);
			path = StoryXcode;
			sourceTree = "<group>";
		};
		752BB1851E97689E007BE3DD /* CaptureImage */ = {
			isa = PBXGroup;
			children = (
				752BB1861E97689E007BE3DD /* AVCamPreviewView.h */,
				752BB1871E97689E007BE3DD /* AVCamPreviewView.m */,
				75E70BDE1E9B0D1A00CCB1B4 /* CoinDetectView.h */,
				75E70BDF1E9B0D1A00CCB1B4 /* CoinDetectView.m */,
				75E70C101E9B5F8C00CCB1B4 /* DrawCircleView.h */,
				75E70C111E9B5F8C00CCB1B4 /* DrawCircleView.m */,
				752BB1881E97689E007BE3DD /* FishMeasureViewController.h */,
				752BB1891E97689E007BE3DD /* FishMeasureViewController.m */,
			);
			path = CaptureImage;
			sourceTree = "<group>";
		};
		752BB18A1E97689E007BE3DD /* DetectCircle */ = {
			isa = PBXGroup;
			children = (
				752BB18D1E9768B8007BE3DD /* DetectCircleTool.h */,
				752BB18E1E9768B8007BE3DD /* DetectCircleTool.mm */,
			);
			path = DetectCircle;
			sourceTree = "<group>";
		};
		75E70BE11E9B2F4400CCB1B4 /* RH */ = {
			isa = PBXGroup;
			children = (
				75E70BE91E9B33A900CCB1B4 /* RHCoinDetectView.h */,
				75E70BEA1E9B33A900CCB1B4 /* RHCoinDetectView.m */,
				75E70BE21E9B2F4400CCB1B4 /* RHViewController.h */,
				75E70BE31E9B2F4400CCB1B4 /* RHViewController.m */,
			);
			path = RH;
			sourceTree = "<group>";
		};
		75E70BE41E9B2F4400CCB1B4 /* ST */ = {
			isa = PBXGroup;
			children = (
				75E70BEC1E9B33CA00CCB1B4 /* STCoinDetectView.h */,
				75E70BED1E9B33CA00CCB1B4 /* STCoinDetectView.m */,
				50D6A2941E9B5AA0006ACDE6 /* STView.h */,
				50D6A2951E9B5AA0006ACDE6 /* STView.m */,
				75E70BE61E9B2F5F00CCB1B4 /* STViewController.h */,
				75E70BE71E9B2F5F00CCB1B4 /* STViewController.m */,
			);
			path = ST;
			sourceTree = "<group>";
		};
		75E70BF31E9B375400CCB1B4 /* Image */ = {
			isa = PBXGroup;
			children = (
				75E70C191E9B8E2B00CCB1B4 /* logo.png */,
				75E70BF41E9B375400CCB1B4 /* flag.png */,
				75E70BF51E9B375400CCB1B4 /* TabBarIcon */,
			);
			path = Image;
			sourceTree = "<group>";
		};
		75E70BF51E9B375400CCB1B4 /* TabBarIcon */ = {
			isa = PBXGroup;
			children = (
				75E70BF61E9B375400CCB1B4 /* icon1.png */,
				75E70BF71E9B375400CCB1B4 /* icon1@2x.png */,
				75E70BF81E9B375400CCB1B4 /* icon1@3x.png */,
				75E70C011E9B4EA800CCB1B4 /* icon2.png */,
				75E70C021E9B4EA800CCB1B4 /* icon2@2x.png */,
				75E70C031E9B4EA800CCB1B4 /* icon2@3x.png */,
				75E70C071E9B505400CCB1B4 /* icon3.png */,
				75E70C081E9B505400CCB1B4 /* icon3@2x.png */,
				75E70C091E9B505400CCB1B4 /* icon3@3x.png */,
			);
			path = TabBarIcon;
			sourceTree = "<group>";
		};
/* End PBXGroup section */

/* Begin PBXNativeTarget section */
		752BB15D1E95ECEC007BE3DD /* AVFoundationDemo */ = {
			isa = PBXNativeTarget;
			buildConfigurationList = 752BB1751E95ECEC007BE3DD /* Build configuration list for PBXNativeTarget "AVFoundationDemo" */;
			buildPhases = (
				752BB15A1E95ECEC007BE3DD /* Sources */,
				752BB15B1E95ECEC007BE3DD /* Frameworks */,
				752BB15C1E95ECEC007BE3DD /* Resources */,
			);
			buildRules = (
			);
			dependencies = (
			);
			name = AVFoundationDemo;
			productName = AVFoundationDemo;
			productReference = 752BB15E1E95ECEC007BE3DD /* AVFoundationDemo.app */;
			productType = "com.apple.product-type.application";
		};
/* End PBXNativeTarget section */

/* Begin PBXProject section */
		752BB1561E95ECEC007BE3DD /* Project object */ = {
			isa = PBXProject;
			attributes = {
				LastUpgradeCheck = 0830;
				ORGANIZATIONNAME = Story5;
				TargetAttributes = {
					752BB15D1E95ECEC007BE3DD = {
						CreatedOnToolsVersion = 8.3;
						DevelopmentTeam = SHCZNHJ2VF;
						ProvisioningStyle = Automatic;
					};
				};
			};
			buildConfigurationList = 752BB1591E95ECEC007BE3DD /* Build configuration list for PBXProject "AVFoundationDemo" */;
			compatibilityVersion = "Xcode 3.2";
			developmentRegion = English;
			hasScannedForEncodings = 0;
			knownRegions = (
				en,
				Base,
			);
			mainGroup = 752BB1551E95ECEC007BE3DD;
			productRefGroup = 752BB15F1E95ECEC007BE3DD /* Products */;
			projectDirPath = "";
			projectRoot = "";
			targets = (
				752BB15D1E95ECEC007BE3DD /* AVFoundationDemo */,
			);
		};
/* End PBXProject section */

/* Begin PBXResourcesBuildPhase section */
		752BB15C1E95ECEC007BE3DD /* Resources */ = {
			isa = PBXResourcesBuildPhase;
			buildActionMask = 2147483647;
			files = (
				752BB1711E95ECEC007BE3DD /* LaunchScreen.storyboard in Resources */,
				75E70BFC1E9B375400CCB1B4 /* icon1@2x.png in Resources */,
				75E70BFA1E9B375400CCB1B4 /* flag.png in Resources */,
				75E70C061E9B4EA800CCB1B4 /* icon2@3x.png in Resources */,
				752BB16E1E95ECEC007BE3DD /* Assets.xcassets in Resources */,
				75E70C0C1E9B505400CCB1B4 /* icon3@3x.png in Resources */,
				75E70C051E9B4EA800CCB1B4 /* icon2@2x.png in Resources */,
				75E70C0A1E9B505400CCB1B4 /* icon3.png in Resources */,
				75E70C1A1E9B8E2B00CCB1B4 /* logo.png in Resources */,
				75E70BFB1E9B375400CCB1B4 /* icon1.png in Resources */,
				752BB16C1E95ECEC007BE3DD /* Main.storyboard in Resources */,
				75E70C0B1E9B505400CCB1B4 /* icon3@2x.png in Resources */,
				75E70BFD1E9B375400CCB1B4 /* icon1@3x.png in Resources */,
				75E70C041E9B4EA800CCB1B4 /* icon2.png in Resources */,
			);
			runOnlyForDeploymentPostprocessing = 0;
		};
/* End PBXResourcesBuildPhase section */

/* Begin PBXSourcesBuildPhase section */
		752BB15A1E95ECEC007BE3DD /* Sources */ = {
			isa = PBXSourcesBuildPhase;
			buildActionMask = 2147483647;
			files = (
				75E70BEB1E9B33A900CCB1B4 /* RHCoinDetectView.m in Sources */,
				752BB1661E95ECEC007BE3DD /* AppDelegate.m in Sources */,
				752BB18F1E9768B8007BE3DD /* DetectCircleTool.mm in Sources */,
				50D6A2961E9B5AA0006ACDE6 /* STView.m in Sources */,
				752BB18C1E97689E007BE3DD /* FishMeasureViewController.m in Sources */,
				75E70BE81E9B2F5F00CCB1B4 /* STViewController.m in Sources */,
				75E70C121E9B5F8C00CCB1B4 /* DrawCircleView.m in Sources */,
				752BB18B1E97689E007BE3DD /* AVCamPreviewView.m in Sources */,
				75E70BE01E9B0D1A00CCB1B4 /* CoinDetectView.m in Sources */,
				752BB1631E95ECEC007BE3DD /* main.m in Sources */,
				75E70BE51E9B2F4400CCB1B4 /* RHViewController.m in Sources */,
				75E70BEE1E9B33CA00CCB1B4 /* STCoinDetectView.m in Sources */,
				75E70C151E9B6A7900CCB1B4 /* UIImage+Rotate_Flip.m in Sources */,
				75E70C181E9B729000CCB1B4 /* CGGeometryConvertTool.m in Sources */,
			);
			runOnlyForDeploymentPostprocessing = 0;
		};
/* End PBXSourcesBuildPhase section */

/* Begin PBXVariantGroup section */
		752BB16A1E95ECEC007BE3DD /* Main.storyboard */ = {
			isa = PBXVariantGroup;
			children = (
				752BB16B1E95ECEC007BE3DD /* Base */,
			);
			name = Main.storyboard;
			sourceTree = "<group>";
		};
		752BB16F1E95ECEC007BE3DD /* LaunchScreen.storyboard */ = {
			isa = PBXVariantGroup;
			children = (
				752BB1701E95ECEC007BE3DD /* Base */,
			);
			name = LaunchScreen.storyboard;
			sourceTree = "<group>";
		};
/* End PBXVariantGroup section */

/* Begin XCBuildConfiguration section */
		752BB1731E95ECEC007BE3DD /* Debug */ = {
			isa = XCBuildConfiguration;
			buildSettings = {
				ALWAYS_SEARCH_USER_PATHS = NO;
				CLANG_ANALYZER_NONNULL = YES;
				CLANG_ANALYZER_NUMBER_OBJECT_CONVERSION = YES_AGGRESSIVE;
				CLANG_CXX_LANGUAGE_STANDARD = "gnu++0x";
				CLANG_CXX_LIBRARY = "libc++";
				CLANG_ENABLE_MODULES = YES;
				CLANG_ENABLE_OBJC_ARC = YES;
				CLANG_WARN_BOOL_CONVERSION = YES;
				CLANG_WARN_CONSTANT_CONVERSION = YES;
				CLANG_WARN_DIRECT_OBJC_ISA_USAGE = YES_ERROR;
				CLANG_WARN_DOCUMENTATION_COMMENTS = YES;
				CLANG_WARN_EMPTY_BODY = YES;
				CLANG_WARN_ENUM_CONVERSION = YES;
				CLANG_WARN_INFINITE_RECURSION = YES;
				CLANG_WARN_INT_CONVERSION = YES;
				CLANG_WARN_OBJC_ROOT_CLASS = YES_ERROR;
				CLANG_WARN_SUSPICIOUS_MOVE = YES;
				CLANG_WARN_UNREACHABLE_CODE = YES;
				CLANG_WARN__DUPLICATE_METHOD_MATCH = YES;
				"CODE_SIGN_IDENTITY[sdk=iphoneos*]" = "iPhone Developer";
				COPY_PHASE_STRIP = NO;
				DEBUG_INFORMATION_FORMAT = dwarf;
				ENABLE_STRICT_OBJC_MSGSEND = YES;
				ENABLE_TESTABILITY = YES;
				GCC_C_LANGUAGE_STANDARD = gnu99;
				GCC_DYNAMIC_NO_PIC = NO;
				GCC_NO_COMMON_BLOCKS = YES;
				GCC_OPTIMIZATION_LEVEL = 0;
				GCC_PREPROCESSOR_DEFINITIONS = (
					"DEBUG=1",
					"$(inherited)",
				);
				GCC_WARN_64_TO_32_BIT_CONVERSION = YES;
				GCC_WARN_ABOUT_RETURN_TYPE = YES_ERROR;
				GCC_WARN_UNDECLARED_SELECTOR = YES;
				GCC_WARN_UNINITIALIZED_AUTOS = YES_AGGRESSIVE;
				GCC_WARN_UNUSED_FUNCTION = YES;
				GCC_WARN_UNUSED_VARIABLE = YES;
				IPHONEOS_DEPLOYMENT_TARGET = 10.3;
				MTL_ENABLE_DEBUG_INFO = YES;
				ONLY_ACTIVE_ARCH = YES;
				SDKROOT = iphoneos;
			};
			name = Debug;
		};
		752BB1741E95ECEC007BE3DD /* Release */ = {
			isa = XCBuildConfiguration;
			buildSettings = {
				ALWAYS_SEARCH_USER_PATHS = NO;
				CLANG_ANALYZER_NONNULL = YES;
				CLANG_ANALYZER_NUMBER_OBJECT_CONVERSION = YES_AGGRESSIVE;
				CLANG_CXX_LANGUAGE_STANDARD = "gnu++0x";
				CLANG_CXX_LIBRARY = "libc++";
				CLANG_ENABLE_MODULES = YES;
				CLANG_ENABLE_OBJC_ARC = YES;
				CLANG_WARN_BOOL_CONVERSION = YES;
				CLANG_WARN_CONSTANT_CONVERSION = YES;
				CLANG_WARN_DIRECT_OBJC_ISA_USAGE = YES_ERROR;
				CLANG_WARN_DOCUMENTATION_COMMENTS = YES;
				CLANG_WARN_EMPTY_BODY = YES;
				CLANG_WARN_ENUM_CONVERSION = YES;
				CLANG_WARN_INFINITE_RECURSION = YES;
				CLANG_WARN_INT_CONVERSION = YES;
				CLANG_WARN_OBJC_ROOT_CLASS = YES_ERROR;
				CLANG_WARN_SUSPICIOUS_MOVE = YES;
				CLANG_WARN_UNREACHABLE_CODE = YES;
				CLANG_WARN__DUPLICATE_METHOD_MATCH = YES;
				"CODE_SIGN_IDENTITY[sdk=iphoneos*]" = "iPhone Developer";
				COPY_PHASE_STRIP = NO;
				DEBUG_INFORMATION_FORMAT = "dwarf-with-dsym";
				ENABLE_NS_ASSERTIONS = NO;
				ENABLE_STRICT_OBJC_MSGSEND = YES;
				GCC_C_LANGUAGE_STANDARD = gnu99;
				GCC_NO_COMMON_BLOCKS = YES;
				GCC_WARN_64_TO_32_BIT_CONVERSION = YES;
				GCC_WARN_ABOUT_RETURN_TYPE = YES_ERROR;
				GCC_WARN_UNDECLARED_SELECTOR = YES;
				GCC_WARN_UNINITIALIZED_AUTOS = YES_AGGRESSIVE;
				GCC_WARN_UNUSED_FUNCTION = YES;
				GCC_WARN_UNUSED_VARIABLE = YES;
				IPHONEOS_DEPLOYMENT_TARGET = 10.3;
				MTL_ENABLE_DEBUG_INFO = NO;
				SDKROOT = iphoneos;
				VALIDATE_PRODUCT = YES;
			};
			name = Release;
		};
		752BB1761E95ECEC007BE3DD /* Debug */ = {
			isa = XCBuildConfiguration;
			buildSettings = {
				ASSETCATALOG_COMPILER_APPICON_NAME = AppIcon;
				DEVELOPMENT_TEAM = SHCZNHJ2VF;
				FRAMEWORK_SEARCH_PATHS = (
					"$(inherited)",
					"$(PROJECT_DIR)",
					"$(PROJECT_DIR)/AVFoundationDemo",
				);
				INFOPLIST_FILE = AVFoundationDemo/Info.plist;
				IPHONEOS_DEPLOYMENT_TARGET = 8.0;
				LD_RUNPATH_SEARCH_PATHS = "$(inherited) @executable_path/Frameworks";
				PRODUCT_BUNDLE_IDENTIFIER = com.Story5.AVFoundationDemo;
				PRODUCT_NAME = "$(TARGET_NAME)";
			};
			name = Debug;
		};
		752BB1771E95ECEC007BE3DD /* Release */ = {
			isa = XCBuildConfiguration;
			buildSettings = {
				ASSETCATALOG_COMPILER_APPICON_NAME = AppIcon;
				DEVELOPMENT_TEAM = SHCZNHJ2VF;
				FRAMEWORK_SEARCH_PATHS = (
					"$(inherited)",
					"$(PROJECT_DIR)",
					"$(PROJECT_DIR)/AVFoundationDemo",
				);
				INFOPLIST_FILE = AVFoundationDemo/Info.plist;
				IPHONEOS_DEPLOYMENT_TARGET = 8.0;
				LD_RUNPATH_SEARCH_PATHS = "$(inherited) @executable_path/Frameworks";
				PRODUCT_BUNDLE_IDENTIFIER = com.Story5.AVFoundationDemo;
				PRODUCT_NAME = "$(TARGET_NAME)";
			};
			name = Release;
		};
/* End XCBuildConfiguration section */

/* Begin XCConfigurationList section */
		752BB1591E95ECEC007BE3DD /* Build configuration list for PBXProject "AVFoundationDemo" */ = {
			isa = XCConfigurationList;
			buildConfigurations = (
				752BB1731E95ECEC007BE3DD /* Debug */,
				752BB1741E95ECEC007BE3DD /* Release */,
			);
			defaultConfigurationIsVisible = 0;
			defaultConfigurationName = Release;
		};
		752BB1751E95ECEC007BE3DD /* Build configuration list for PBXNativeTarget "AVFoundationDemo" */ = {
			isa = XCConfigurationList;
			buildConfigurations = (
				752BB1761E95ECEC007BE3DD /* Debug */,
				752BB1771E95ECEC007BE3DD /* Release */,
			);
			defaultConfigurationIsVisible = 0;
			defaultConfigurationName = Release;
		};
/* End XCConfigurationList section */
	};
	rootObject = 752BB1561E95ECEC007BE3DD /* Project object */;
}
