// !$*UTF8*$!
{
	archiveVersion = 1;
	classes = {
	};
	objectVersion = 46;
	objects = {

/* Begin PBXBuildFile section */
		0444EFDA1E978E3B00224B7E /* opencv2.framework in Frameworks */ = {isa = PBXBuildFile; fileRef = 0444EFD91E978E3B00224B7E /* opencv2.framework */; };
		50D6A2931E9B31E1006ACDE6 /* opencv2.framework in Frameworks */ = {isa = PBXBuildFile; fileRef = 50D6A2921E9B31E1006ACDE6 /* opencv2.framework */; };
		50D6A2961E9B5AA0006ACDE6 /* STView.m in Sources */ = {isa = PBXBuildFile; fileRef = 50D6A2951E9B5AA0006ACDE6 /* STView.m */; };
		752BB1631E95ECEC007BE3DD /* main.m in Sources */ = {isa = PBXBuildFile; fileRef = 752BB1621E95ECEC007BE3DD /* main.m */; };
		752BB1661E95ECEC007BE3DD /* AppDelegate.m in Sources */ = {isa = PBXBuildFile; fileRef = 752BB1651E95ECEC007BE3DD /* AppDelegate.m */; };
		752BB16C1E95ECEC007BE3DD /* Main.storyboard in Resources */ = {isa = PBXBuildFile; fileRef = 752BB16A1E95ECEC007BE3DD /* Main.storyboard */; };
		752BB16E1E95ECEC007BE3DD /* Assets.xcassets in Resources */ = {isa = PBXBuildFile; fileRef = 752BB16D1E95ECEC007BE3DD /* Assets.xcassets */; };
		752BB1711E95ECEC007BE3DD /* LaunchScreen.storyboard in Resources */ = {isa = PBXBuildFile; fileRef = 752BB16F1E95ECEC007BE3DD /* LaunchScreen.storyboard */; };
		752BB17A1E95EFEB007BE3DD /* AVFoundation.framework in Frameworks */ = {isa = PBXBuildFile; fileRef = 752BB1791E95EFEB007BE3DD /* AVFoundation.framework */; };
		7532CE041E9CAC41005B7845 /* ImageIO.framework in Frameworks */ = {isa = PBXBuildFile; fileRef = 7532CE031E9CAC41005B7845 /* ImageIO.framework */; };
		7532CE0E1E9CBA7F005B7845 /* CoinDetectViewController.m in Sources */ = {isa = PBXBuildFile; fileRef = 7532CE0A1E9CBA7F005B7845 /* CoinDetectViewController.m */; };
		7532CE0F1E9CBA7F005B7845 /* FishMeasureViewController.m in Sources */ = {isa = PBXBuildFile; fileRef = 7532CE0C1E9CBA7F005B7845 /* FishMeasureViewController.m */; };
		7532CE121E9CBAC0005B7845 /* CoinDetectModel.m in Sources */ = {isa = PBXBuildFile; fileRef = 7532CE111E9CBAC0005B7845 /* CoinDetectModel.m */; };
		7532CE181E9CD02A005B7845 /* RulerCalculator.m in Sources */ = {isa = PBXBuildFile; fileRef = 7532CE151E9CD02A005B7845 /* RulerCalculator.m */; };
		7532CE191E9CD02A005B7845 /* RulerView.m in Sources */ = {isa = PBXBuildFile; fileRef = 7532CE171E9CD02A005B7845 /* RulerView.m */; };
		7532CE1D1E9CD4B4005B7845 /* CaptureImageView.m in Sources */ = {isa = PBXBuildFile; fileRef = 7532CE1C1E9CD4B4005B7845 /* CaptureImageView.m */; };
		7532CE1F1E9CDBC2005B7845 /* logo.png in Resources */ = {isa = PBXBuildFile; fileRef = 7532CE1E1E9CDBC2005B7845 /* logo.png */; };
		75E70BE51E9B2F4400CCB1B4 /* RHViewController.m in Sources */ = {isa = PBXBuildFile; fileRef = 75E70BE31E9B2F4400CCB1B4 /* RHViewController.m */; };
		75E70BE81E9B2F5F00CCB1B4 /* STViewController.m in Sources */ = {isa = PBXBuildFile; fileRef = 75E70BE71E9B2F5F00CCB1B4 /* STViewController.m */; };
		75E70BEB1E9B33A900CCB1B4 /* RHCoinDetectView.m in Sources */ = {isa = PBXBuildFile; fileRef = 75E70BEA1E9B33A900CCB1B4 /* RHCoinDetectView.m */; };
		75E70BEE1E9B33CA00CCB1B4 /* STCoinDetectView.m in Sources */ = {isa = PBXBuildFile; fileRef = 75E70BED1E9B33CA00CCB1B4 /* STCoinDetectView.m */; };
		75E70BFA1E9B375400CCB1B4 /* flag.png in Resources */ = {isa = PBXBuildFile; fileRef = 75E70BF41E9B375400CCB1B4 /* flag.png */; };
		75E70BFB1E9B375400CCB1B4 /* icon1.png in Resources */ = {isa = PBXBuildFile; fileRef = 75E70BF61E9B375400CCB1B4 /* icon1.png */; };
		75E70BFC1E9B375400CCB1B4 /* icon1@2x.png in Resources */ = {isa = PBXBuildFile; fileRef = 75E70BF71E9B375400CCB1B4 /* icon1@2x.png */; };
		75E70BFD1E9B375400CCB1B4 /* icon1@3x.png in Resources */ = {isa = PBXBuildFile; fileRef = 75E70BF81E9B375400CCB1B4 /* icon1@3x.png */; };
		75E70C041E9B4EA800CCB1B4 /* icon2.png in Resources */ = {isa = PBXBuildFile; fileRef = 75E70C011E9B4EA800CCB1B4 /* icon2.png */; };
		75E70C051E9B4EA800CCB1B4 /* icon2@2x.png in Resources */ = {isa = PBXBuildFile; fileRef = 75E70C021E9B4EA800CCB1B4 /* icon2@2x.png */; };
		75E70C061E9B4EA800CCB1B4 /* icon2@3x.png in Resources */ = {isa = PBXBuildFile; fileRef = 75E70C031E9B4EA800CCB1B4 /* icon2@3x.png */; };
		75E70C0A1E9B505400CCB1B4 /* icon3.png in Resources */ = {isa = PBXBuildFile; fileRef = 75E70C071E9B505400CCB1B4 /* icon3.png */; };
		75E70C0B1E9B505400CCB1B4 /* icon3@2x.png in Resources */ = {isa = PBXBuildFile; fileRef = 75E70C081E9B505400CCB1B4 /* icon3@2x.png */; };
		75E70C0C1E9B505400CCB1B4 /* icon3@3x.png in Resources */ = {isa = PBXBuildFile; fileRef = 75E70C091E9B505400CCB1B4 /* icon3@3x.png */; };
		75E70C591E9C6F1300CCB1B4 /* CGGeometryConvertTool.m in Sources */ = {isa = PBXBuildFile; fileRef = 75E70C381E9C6F1200CCB1B4 /* CGGeometryConvertTool.m */; };
		75E70C5A1E9C6F1300CCB1B4 /* DetectCircleTool.mm in Sources */ = {isa = PBXBuildFile; fileRef = 75E70C3B1E9C6F1200CCB1B4 /* DetectCircleTool.mm */; };
		75E70C5B1E9C6F1300CCB1B4 /* UIImage+Rotate_Flip.m in Sources */ = {isa = PBXBuildFile; fileRef = 75E70C3D1E9C6F1200CCB1B4 /* UIImage+Rotate_Flip.m */; };
		75E70C601E9C6F1300CCB1B4 /* UseGuide1_1242x2208.png in Resources */ = {isa = PBXBuildFile; fileRef = 75E70C4B1E9C6F1200CCB1B4 /* UseGuide1_1242x2208.png */; };
		75E70C611E9C6F1300CCB1B4 /* UseGuide2_1242x2208.png in Resources */ = {isa = PBXBuildFile; fileRef = 75E70C4C1E9C6F1200CCB1B4 /* UseGuide2_1242x2208.png */; };
		75E70C621E9C6F1300CCB1B4 /* UseGuide3_1242x2208.png in Resources */ = {isa = PBXBuildFile; fileRef = 75E70C4D1E9C6F1200CCB1B4 /* UseGuide3_1242x2208.png */; };
		75E70C631E9C6F1300CCB1B4 /* UseGuide1_640x1136.png in Resources */ = {isa = PBXBuildFile; fileRef = 75E70C4F1E9C6F1200CCB1B4 /* UseGuide1_640x1136.png */; };
		75E70C641E9C6F1300CCB1B4 /* UseGuide2_640x1136.png in Resources */ = {isa = PBXBuildFile; fileRef = 75E70C501E9C6F1300CCB1B4 /* UseGuide2_640x1136.png */; };
		75E70C651E9C6F1300CCB1B4 /* UseGuide3_640x1136.png in Resources */ = {isa = PBXBuildFile; fileRef = 75E70C511E9C6F1300CCB1B4 /* UseGuide3_640x1136.png */; };
		75E70C661E9C6F1300CCB1B4 /* UseGuide1_750x1334.png in Resources */ = {isa = PBXBuildFile; fileRef = 75E70C531E9C6F1300CCB1B4 /* UseGuide1_750x1334.png */; };
		75E70C671E9C6F1300CCB1B4 /* UseGuide2_750x1334.png in Resources */ = {isa = PBXBuildFile; fileRef = 75E70C541E9C6F1300CCB1B4 /* UseGuide2_750x1334.png */; };
		75E70C681E9C6F1300CCB1B4 /* UseGuide3_750x1334.png in Resources */ = {isa = PBXBuildFile; fileRef = 75E70C551E9C6F1300CCB1B4 /* UseGuide3_750x1334.png */; };
		75E70C691E9C6F1300CCB1B4 /* UseGuideView.m in Sources */ = {isa = PBXBuildFile; fileRef = 75E70C571E9C6F1300CCB1B4 /* UseGuideView.m */; };
		75E70C801E9C74F600CCB1B4 /* AVCamPreviewView.m in Sources */ = {isa = PBXBuildFile; fileRef = 75E70C701E9C74F600CCB1B4 /* AVCamPreviewView.m */; };
		75E70C811E9C74F600CCB1B4 /* CoinDetectView.m in Sources */ = {isa = PBXBuildFile; fileRef = 75E70C721E9C74F600CCB1B4 /* CoinDetectView.m */; };
		75E70C821E9C74F600CCB1B4 /* FlashLight_Off@2x.png in Resources */ = {isa = PBXBuildFile; fileRef = 75E70C741E9C74F600CCB1B4 /* FlashLight_Off@2x.png */; };
		75E70C831E9C74F600CCB1B4 /* FlashLight_Off@3x.png in Resources */ = {isa = PBXBuildFile; fileRef = 75E70C751E9C74F600CCB1B4 /* FlashLight_Off@3x.png */; };
		75E70C841E9C74F600CCB1B4 /* FlashLight_On@2x.png in Resources */ = {isa = PBXBuildFile; fileRef = 75E70C761E9C74F600CCB1B4 /* FlashLight_On@2x.png */; };
		75E70C851E9C74F600CCB1B4 /* FlashLight_On@3x.png in Resources */ = {isa = PBXBuildFile; fileRef = 75E70C771E9C74F600CCB1B4 /* FlashLight_On@3x.png */; };
		75E70C861E9C74F600CCB1B4 /* Guide@2x.png in Resources */ = {isa = PBXBuildFile; fileRef = 75E70C781E9C74F600CCB1B4 /* Guide@2x.png */; };
		75E70C871E9C74F600CCB1B4 /* Guide@3x.png in Resources */ = {isa = PBXBuildFile; fileRef = 75E70C791E9C74F600CCB1B4 /* Guide@3x.png */; };
		75E70C881E9C74F600CCB1B4 /* TakePicture@3x.png in Resources */ = {isa = PBXBuildFile; fileRef = 75E70C7A1E9C74F600CCB1B4 /* TakePicture@3x.png */; };
		75E70C891E9C74F600CCB1B4 /* TakePicture@2x.png in Resources */ = {isa = PBXBuildFile; fileRef = 75E70C7B1E9C74F600CCB1B4 /* TakePicture@2x.png */; };
		75E70C8E1E9C7F2A00CCB1B4 /* CameraControlView.m in Sources */ = {isa = PBXBuildFile; fileRef = 75E70C8D1E9C7F2A00CCB1B4 /* CameraControlView.m */; };
/* End PBXBuildFile section */

/* Begin PBXFileReference section */
		0444EFD91E978E3B00224B7E /* opencv2.framework */ = {isa = PBXFileReference; lastKnownFileType = wrapper.framework; name = opencv2.framework; path = AVFoundationDemo/opencv2.framework; sourceTree = "<group>"; };
		50D6A2921E9B31E1006ACDE6 /* opencv2.framework */ = {isa = PBXFileReference; lastKnownFileType = wrapper.framework; path = opencv2.framework; sourceTree = "<group>"; };
		50D6A2941E9B5AA0006ACDE6 /* STView.h */ = {isa = PBXFileReference; fileEncoding = 4; lastKnownFileType = sourcecode.c.h; path = STView.h; sourceTree = "<group>"; };
		50D6A2951E9B5AA0006ACDE6 /* STView.m */ = {isa = PBXFileReference; fileEncoding = 4; lastKnownFileType = sourcecode.c.objc; path = STView.m; sourceTree = "<group>"; };
		752BB15E1E95ECEC007BE3DD /* AVFoundationDemo.app */ = {isa = PBXFileReference; explicitFileType = wrapper.application; includeInIndex = 0; path = AVFoundationDemo.app; sourceTree = BUILT_PRODUCTS_DIR; };
		752BB1621E95ECEC007BE3DD /* main.m */ = {isa = PBXFileReference; lastKnownFileType = sourcecode.c.objc; path = main.m; sourceTree = "<group>"; };
		752BB1641E95ECEC007BE3DD /* AppDelegate.h */ = {isa = PBXFileReference; lastKnownFileType = sourcecode.c.h; path = AppDelegate.h; sourceTree = "<group>"; };
		752BB1651E95ECEC007BE3DD /* AppDelegate.m */ = {isa = PBXFileReference; lastKnownFileType = sourcecode.c.objc; path = AppDelegate.m; sourceTree = "<group>"; };
		752BB16B1E95ECEC007BE3DD /* Base */ = {isa = PBXFileReference; lastKnownFileType = file.storyboard; name = Base; path = Base.lproj/Main.storyboard; sourceTree = "<group>"; };
		752BB16D1E95ECEC007BE3DD /* Assets.xcassets */ = {isa = PBXFileReference; lastKnownFileType = folder.assetcatalog; path = Assets.xcassets; sourceTree = "<group>"; };
		752BB1701E95ECEC007BE3DD /* Base */ = {isa = PBXFileReference; lastKnownFileType = file.storyboard; name = Base; path = Base.lproj/LaunchScreen.storyboard; sourceTree = "<group>"; };
		752BB1721E95ECEC007BE3DD /* Info.plist */ = {isa = PBXFileReference; lastKnownFileType = text.plist.xml; path = Info.plist; sourceTree = "<group>"; };
		752BB1791E95EFEB007BE3DD /* AVFoundation.framework */ = {isa = PBXFileReference; lastKnownFileType = wrapper.framework; name = AVFoundation.framework; path = System/Library/Frameworks/AVFoundation.framework; sourceTree = SDKROOT; };
		7532CE031E9CAC41005B7845 /* ImageIO.framework */ = {isa = PBXFileReference; lastKnownFileType = wrapper.framework; name = ImageIO.framework; path = System/Library/Frameworks/ImageIO.framework; sourceTree = SDKROOT; };
		7532CE091E9CBA7F005B7845 /* CoinDetectViewController.h */ = {isa = PBXFileReference; fileEncoding = 4; lastKnownFileType = sourcecode.c.h; path = CoinDetectViewController.h; sourceTree = "<group>"; };
		7532CE0A1E9CBA7F005B7845 /* CoinDetectViewController.m */ = {isa = PBXFileReference; fileEncoding = 4; lastKnownFileType = sourcecode.c.objc; path = CoinDetectViewController.m; sourceTree = "<group>"; };
		7532CE0B1E9CBA7F005B7845 /* FishMeasureViewController.h */ = {isa = PBXFileReference; fileEncoding = 4; lastKnownFileType = sourcecode.c.h; path = FishMeasureViewController.h; sourceTree = "<group>"; };
		7532CE0C1E9CBA7F005B7845 /* FishMeasureViewController.m */ = {isa = PBXFileReference; fileEncoding = 4; lastKnownFileType = sourcecode.c.objc; path = FishMeasureViewController.m; sourceTree = "<group>"; };
		7532CE101E9CBAC0005B7845 /* CoinDetectModel.h */ = {isa = PBXFileReference; fileEncoding = 4; lastKnownFileType = sourcecode.c.h; path = CoinDetectModel.h; sourceTree = "<group>"; };
		7532CE111E9CBAC0005B7845 /* CoinDetectModel.m */ = {isa = PBXFileReference; fileEncoding = 4; lastKnownFileType = sourcecode.c.objc; path = CoinDetectModel.m; sourceTree = "<group>"; };
		7532CE141E9CD02A005B7845 /* RulerCalculator.h */ = {isa = PBXFileReference; fileEncoding = 4; lastKnownFileType = sourcecode.c.h; path = RulerCalculator.h; sourceTree = "<group>"; };
		7532CE151E9CD02A005B7845 /* RulerCalculator.m */ = {isa = PBXFileReference; fileEncoding = 4; lastKnownFileType = sourcecode.c.objc; path = RulerCalculator.m; sourceTree = "<group>"; };
		7532CE161E9CD02A005B7845 /* RulerView.h */ = {isa = PBXFileReference; fileEncoding = 4; lastKnownFileType = sourcecode.c.h; path = RulerView.h; sourceTree = "<group>"; };
		7532CE171E9CD02A005B7845 /* RulerView.m */ = {isa = PBXFileReference; fileEncoding = 4; lastKnownFileType = sourcecode.c.objc; path = RulerView.m; sourceTree = "<group>"; };
		7532CE1B1E9CD4B4005B7845 /* CaptureImageView.h */ = {isa = PBXFileReference; fileEncoding = 4; lastKnownFileType = sourcecode.c.h; path = CaptureImageView.h; sourceTree = "<group>"; };
		7532CE1C1E9CD4B4005B7845 /* CaptureImageView.m */ = {isa = PBXFileReference; fileEncoding = 4; lastKnownFileType = sourcecode.c.objc; path = CaptureImageView.m; sourceTree = "<group>"; };
		7532CE1E1E9CDBC2005B7845 /* logo.png */ = {isa = PBXFileReference; lastKnownFileType = image.png; path = logo.png; sourceTree = "<group>"; };
		75E70BE21E9B2F4400CCB1B4 /* RHViewController.h */ = {isa = PBXFileReference; fileEncoding = 4; lastKnownFileType = sourcecode.c.h; path = RHViewController.h; sourceTree = "<group>"; };
		75E70BE31E9B2F4400CCB1B4 /* RHViewController.m */ = {isa = PBXFileReference; fileEncoding = 4; lastKnownFileType = sourcecode.c.objc; path = RHViewController.m; sourceTree = "<group>"; };
		75E70BE61E9B2F5F00CCB1B4 /* STViewController.h */ = {isa = PBXFileReference; fileEncoding = 4; lastKnownFileType = sourcecode.c.h; path = STViewController.h; sourceTree = "<group>"; };
		75E70BE71E9B2F5F00CCB1B4 /* STViewController.m */ = {isa = PBXFileReference; fileEncoding = 4; lastKnownFileType = sourcecode.c.objc; path = STViewController.m; sourceTree = "<group>"; };
		75E70BE91E9B33A900CCB1B4 /* RHCoinDetectView.h */ = {isa = PBXFileReference; fileEncoding = 4; lastKnownFileType = sourcecode.c.h; path = RHCoinDetectView.h; sourceTree = "<group>"; };
		75E70BEA1E9B33A900CCB1B4 /* RHCoinDetectView.m */ = {isa = PBXFileReference; fileEncoding = 4; lastKnownFileType = sourcecode.c.objc; path = RHCoinDetectView.m; sourceTree = "<group>"; };
		75E70BEC1E9B33CA00CCB1B4 /* STCoinDetectView.h */ = {isa = PBXFileReference; fileEncoding = 4; lastKnownFileType = sourcecode.c.h; path = STCoinDetectView.h; sourceTree = "<group>"; };
		75E70BED1E9B33CA00CCB1B4 /* STCoinDetectView.m */ = {isa = PBXFileReference; fileEncoding = 4; lastKnownFileType = sourcecode.c.objc; path = STCoinDetectView.m; sourceTree = "<group>"; };
		75E70BF41E9B375400CCB1B4 /* flag.png */ = {isa = PBXFileReference; lastKnownFileType = image.png; path = flag.png; sourceTree = "<group>"; };
		75E70BF61E9B375400CCB1B4 /* icon1.png */ = {isa = PBXFileReference; lastKnownFileType = image.png; path = icon1.png; sourceTree = "<group>"; };
		75E70BF71E9B375400CCB1B4 /* icon1@2x.png */ = {isa = PBXFileReference; lastKnownFileType = image.png; path = "icon1@2x.png"; sourceTree = "<group>"; };
		75E70BF81E9B375400CCB1B4 /* icon1@3x.png */ = {isa = PBXFileReference; lastKnownFileType = image.png; path = "icon1@3x.png"; sourceTree = "<group>"; };
		75E70C011E9B4EA800CCB1B4 /* icon2.png */ = {isa = PBXFileReference; lastKnownFileType = image.png; path = icon2.png; sourceTree = "<group>"; };
		75E70C021E9B4EA800CCB1B4 /* icon2@2x.png */ = {isa = PBXFileReference; lastKnownFileType = image.png; path = "icon2@2x.png"; sourceTree = "<group>"; };
		75E70C031E9B4EA800CCB1B4 /* icon2@3x.png */ = {isa = PBXFileReference; lastKnownFileType = image.png; path = "icon2@3x.png"; sourceTree = "<group>"; };
		75E70C071E9B505400CCB1B4 /* icon3.png */ = {isa = PBXFileReference; lastKnownFileType = image.png; path = icon3.png; sourceTree = "<group>"; };
		75E70C081E9B505400CCB1B4 /* icon3@2x.png */ = {isa = PBXFileReference; lastKnownFileType = image.png; path = "icon3@2x.png"; sourceTree = "<group>"; };
		75E70C091E9B505400CCB1B4 /* icon3@3x.png */ = {isa = PBXFileReference; lastKnownFileType = image.png; path = "icon3@3x.png"; sourceTree = "<group>"; };
		75E70C371E9C6F1200CCB1B4 /* CGGeometryConvertTool.h */ = {isa = PBXFileReference; fileEncoding = 4; lastKnownFileType = sourcecode.c.h; path = CGGeometryConvertTool.h; sourceTree = "<group>"; };
		75E70C381E9C6F1200CCB1B4 /* CGGeometryConvertTool.m */ = {isa = PBXFileReference; fileEncoding = 4; lastKnownFileType = sourcecode.c.objc; path = CGGeometryConvertTool.m; sourceTree = "<group>"; };
		75E70C3A1E9C6F1200CCB1B4 /* DetectCircleTool.h */ = {isa = PBXFileReference; fileEncoding = 4; lastKnownFileType = sourcecode.c.h; path = DetectCircleTool.h; sourceTree = "<group>"; };
		75E70C3B1E9C6F1200CCB1B4 /* DetectCircleTool.mm */ = {isa = PBXFileReference; fileEncoding = 4; lastKnownFileType = sourcecode.cpp.objcpp; path = DetectCircleTool.mm; sourceTree = "<group>"; };
		75E70C3C1E9C6F1200CCB1B4 /* UIImage+Rotate_Flip.h */ = {isa = PBXFileReference; fileEncoding = 4; lastKnownFileType = sourcecode.c.h; path = "UIImage+Rotate_Flip.h"; sourceTree = "<group>"; };
		75E70C3D1E9C6F1200CCB1B4 /* UIImage+Rotate_Flip.m */ = {isa = PBXFileReference; fileEncoding = 4; lastKnownFileType = sourcecode.c.objc; path = "UIImage+Rotate_Flip.m"; sourceTree = "<group>"; };
		75E70C4B1E9C6F1200CCB1B4 /* UseGuide1_1242x2208.png */ = {isa = PBXFileReference; lastKnownFileType = image.png; path = UseGuide1_1242x2208.png; sourceTree = "<group>"; };
		75E70C4C1E9C6F1200CCB1B4 /* UseGuide2_1242x2208.png */ = {isa = PBXFileReference; lastKnownFileType = image.png; path = UseGuide2_1242x2208.png; sourceTree = "<group>"; };
		75E70C4D1E9C6F1200CCB1B4 /* UseGuide3_1242x2208.png */ = {isa = PBXFileReference; lastKnownFileType = image.png; path = UseGuide3_1242x2208.png; sourceTree = "<group>"; };
		75E70C4F1E9C6F1200CCB1B4 /* UseGuide1_640x1136.png */ = {isa = PBXFileReference; lastKnownFileType = image.png; path = UseGuide1_640x1136.png; sourceTree = "<group>"; };
		75E70C501E9C6F1300CCB1B4 /* UseGuide2_640x1136.png */ = {isa = PBXFileReference; lastKnownFileType = image.png; path = UseGuide2_640x1136.png; sourceTree = "<group>"; };
		75E70C511E9C6F1300CCB1B4 /* UseGuide3_640x1136.png */ = {isa = PBXFileReference; lastKnownFileType = image.png; path = UseGuide3_640x1136.png; sourceTree = "<group>"; };
		75E70C531E9C6F1300CCB1B4 /* UseGuide1_750x1334.png */ = {isa = PBXFileReference; lastKnownFileType = image.png; path = UseGuide1_750x1334.png; sourceTree = "<group>"; };
		75E70C541E9C6F1300CCB1B4 /* UseGuide2_750x1334.png */ = {isa = PBXFileReference; lastKnownFileType = image.png; path = UseGuide2_750x1334.png; sourceTree = "<group>"; };
		75E70C551E9C6F1300CCB1B4 /* UseGuide3_750x1334.png */ = {isa = PBXFileReference; lastKnownFileType = image.png; path = UseGuide3_750x1334.png; sourceTree = "<group>"; };
		75E70C561E9C6F1300CCB1B4 /* UseGuideView.h */ = {isa = PBXFileReference; fileEncoding = 4; lastKnownFileType = sourcecode.c.h; path = UseGuideView.h; sourceTree = "<group>"; };
		75E70C571E9C6F1300CCB1B4 /* UseGuideView.m */ = {isa = PBXFileReference; fileEncoding = 4; lastKnownFileType = sourcecode.c.objc; path = UseGuideView.m; sourceTree = "<group>"; };
		75E70C6F1E9C74F600CCB1B4 /* AVCamPreviewView.h */ = {isa = PBXFileReference; fileEncoding = 4; lastKnownFileType = sourcecode.c.h; path = AVCamPreviewView.h; sourceTree = "<group>"; };
		75E70C701E9C74F600CCB1B4 /* AVCamPreviewView.m */ = {isa = PBXFileReference; fileEncoding = 4; lastKnownFileType = sourcecode.c.objc; path = AVCamPreviewView.m; sourceTree = "<group>"; };
		75E70C711E9C74F600CCB1B4 /* CoinDetectView.h */ = {isa = PBXFileReference; fileEncoding = 4; lastKnownFileType = sourcecode.c.h; path = CoinDetectView.h; sourceTree = "<group>"; };
		75E70C721E9C74F600CCB1B4 /* CoinDetectView.m */ = {isa = PBXFileReference; fileEncoding = 4; lastKnownFileType = sourcecode.c.objc; path = CoinDetectView.m; sourceTree = "<group>"; };
		75E70C741E9C74F600CCB1B4 /* FlashLight_Off@2x.png */ = {isa = PBXFileReference; lastKnownFileType = image.png; path = "FlashLight_Off@2x.png"; sourceTree = "<group>"; };
		75E70C751E9C74F600CCB1B4 /* FlashLight_Off@3x.png */ = {isa = PBXFileReference; lastKnownFileType = image.png; path = "FlashLight_Off@3x.png"; sourceTree = "<group>"; };
		75E70C761E9C74F600CCB1B4 /* FlashLight_On@2x.png */ = {isa = PBXFileReference; lastKnownFileType = image.png; path = "FlashLight_On@2x.png"; sourceTree = "<group>"; };
		75E70C771E9C74F600CCB1B4 /* FlashLight_On@3x.png */ = {isa = PBXFileReference; lastKnownFileType = image.png; path = "FlashLight_On@3x.png"; sourceTree = "<group>"; };
		75E70C781E9C74F600CCB1B4 /* Guide@2x.png */ = {isa = PBXFileReference; lastKnownFileType = image.png; path = "Guide@2x.png"; sourceTree = "<group>"; };
		75E70C791E9C74F600CCB1B4 /* Guide@3x.png */ = {isa = PBXFileReference; lastKnownFileType = image.png; path = "Guide@3x.png"; sourceTree = "<group>"; };
		75E70C7A1E9C74F600CCB1B4 /* TakePicture@3x.png */ = {isa = PBXFileReference; lastKnownFileType = image.png; path = "TakePicture@3x.png"; sourceTree = "<group>"; };
		75E70C7B1E9C74F600CCB1B4 /* TakePicture@2x.png */ = {isa = PBXFileReference; lastKnownFileType = image.png; path = "TakePicture@2x.png"; sourceTree = "<group>"; };
		75E70C8C1E9C7F2A00CCB1B4 /* CameraControlView.h */ = {isa = PBXFileReference; fileEncoding = 4; lastKnownFileType = sourcecode.c.h; path = CameraControlView.h; sourceTree = "<group>"; };
		75E70C8D1E9C7F2A00CCB1B4 /* CameraControlView.m */ = {isa = PBXFileReference; fileEncoding = 4; lastKnownFileType = sourcecode.c.objc; path = CameraControlView.m; sourceTree = "<group>"; };
/* End PBXFileReference section */

/* Begin PBXFrameworksBuildPhase section */
		752BB15B1E95ECEC007BE3DD /* Frameworks */ = {
			isa = PBXFrameworksBuildPhase;
			buildActionMask = 2147483647;
			files = (
				7532CE041E9CAC41005B7845 /* ImageIO.framework in Frameworks */,
				50D6A2931E9B31E1006ACDE6 /* opencv2.framework in Frameworks */,
				0444EFDA1E978E3B00224B7E /* opencv2.framework in Frameworks */,
				752BB17A1E95EFEB007BE3DD /* AVFoundation.framework in Frameworks */,
			);
			runOnlyForDeploymentPostprocessing = 0;
		};
/* End PBXFrameworksBuildPhase section */

/* Begin PBXGroup section */
		752BB1551E95ECEC007BE3DD = {
			isa = PBXGroup;
			children = (
				752BB1601E95ECEC007BE3DD /* AVFoundationDemo */,
				752BB15F1E95ECEC007BE3DD /* Products */,
				752BB1781E95EFEB007BE3DD /* Frameworks */,
			);
			sourceTree = "<group>";
		};
		752BB15F1E95ECEC007BE3DD /* Products */ = {
			isa = PBXGroup;
			children = (
				752BB15E1E95ECEC007BE3DD /* AVFoundationDemo.app */,
			);
			name = Products;
			sourceTree = "<group>";
		};
		752BB1601E95ECEC007BE3DD /* AVFoundationDemo */ = {
			isa = PBXGroup;
			children = (
				752BB1641E95ECEC007BE3DD /* AppDelegate.h */,
				752BB1651E95ECEC007BE3DD /* AppDelegate.m */,
				75E70BF31E9B375400CCB1B4 /* Image */,
				75E70C1B1E9C6E7E00CCB1B4 /* FishMeasure */,
				75E70BE11E9B2F4400CCB1B4 /* RH */,
				75E70BE41E9B2F4400CCB1B4 /* ST */,
				752BB16A1E95ECEC007BE3DD /* Main.storyboard */,
				752BB16D1E95ECEC007BE3DD /* Assets.xcassets */,
				752BB16F1E95ECEC007BE3DD /* LaunchScreen.storyboard */,
				752BB1721E95ECEC007BE3DD /* Info.plist */,
				752BB1611E95ECEC007BE3DD /* Supporting Files */,
			);
			path = AVFoundationDemo;
			sourceTree = "<group>";
		};
		752BB1611E95ECEC007BE3DD /* Supporting Files */ = {
			isa = PBXGroup;
			children = (
				752BB1621E95ECEC007BE3DD /* main.m */,
			);
			name = "Supporting Files";
			sourceTree = "<group>";
		};
		752BB1781E95EFEB007BE3DD /* Frameworks */ = {
			isa = PBXGroup;
			children = (
				7532CE031E9CAC41005B7845 /* ImageIO.framework */,
				50D6A2921E9B31E1006ACDE6 /* opencv2.framework */,
				0444EFD91E978E3B00224B7E /* opencv2.framework */,
				752BB1791E95EFEB007BE3DD /* AVFoundation.framework */,
			);
			name = Frameworks;
			sourceTree = "<group>";
		};
		7532CE081E9CBA7F005B7845 /* Controllers */ = {
			isa = PBXGroup;
			children = (
				7532CE091E9CBA7F005B7845 /* CoinDetectViewController.h */,
				7532CE0A1E9CBA7F005B7845 /* CoinDetectViewController.m */,
				7532CE0B1E9CBA7F005B7845 /* FishMeasureViewController.h */,
				7532CE0C1E9CBA7F005B7845 /* FishMeasureViewController.m */,
			);
			path = Controllers;
			sourceTree = "<group>";
		};
		7532CE0D1E9CBA7F005B7845 /* Models */ = {
			isa = PBXGroup;
			children = (
				7532CE101E9CBAC0005B7845 /* CoinDetectModel.h */,
				7532CE111E9CBAC0005B7845 /* CoinDetectModel.m */,
			);
			path = Models;
			sourceTree = "<group>";
		};
		7532CE131E9CD02A005B7845 /* Ruler */ = {
			isa = PBXGroup;
			children = (
				7532CE141E9CD02A005B7845 /* RulerCalculator.h */,
				7532CE151E9CD02A005B7845 /* RulerCalculator.m */,
				7532CE161E9CD02A005B7845 /* RulerView.h */,
				7532CE171E9CD02A005B7845 /* RulerView.m */,
			);
			path = Ruler;
			sourceTree = "<group>";
		};
		7532CE1A1E9CD48B005B7845 /* CaptureImageView */ = {
			isa = PBXGroup;
			children = (
				7532CE1E1E9CDBC2005B7845 /* logo.png */,
				7532CE1B1E9CD4B4005B7845 /* CaptureImageView.h */,
				7532CE1C1E9CD4B4005B7845 /* CaptureImageView.m */,
			);
			path = CaptureImageView;
			sourceTree = "<group>";
		};
		75E70BE11E9B2F4400CCB1B4 /* RH */ = {
			isa = PBXGroup;
			children = (
				75E70BE91E9B33A900CCB1B4 /* RHCoinDetectView.h */,
				75E70BEA1E9B33A900CCB1B4 /* RHCoinDetectView.m */,
				75E70BE21E9B2F4400CCB1B4 /* RHViewController.h */,
				75E70BE31E9B2F4400CCB1B4 /* RHViewController.m */,
			);
			path = RH;
			sourceTree = "<group>";
		};
		75E70BE41E9B2F4400CCB1B4 /* ST */ = {
			isa = PBXGroup;
			children = (
				75E70BEC1E9B33CA00CCB1B4 /* STCoinDetectView.h */,
				75E70BED1E9B33CA00CCB1B4 /* STCoinDetectView.m */,
				50D6A2941E9B5AA0006ACDE6 /* STView.h */,
				50D6A2951E9B5AA0006ACDE6 /* STView.m */,
				75E70BE61E9B2F5F00CCB1B4 /* STViewController.h */,
				75E70BE71E9B2F5F00CCB1B4 /* STViewController.m */,
			);
			path = ST;
			sourceTree = "<group>";
		};
		75E70BF31E9B375400CCB1B4 /* Image */ = {
			isa = PBXGroup;
			children = (
				75E70BF41E9B375400CCB1B4 /* flag.png */,
				75E70BF51E9B375400CCB1B4 /* TabBarIcon */,
			);
			path = Image;
			sourceTree = "<group>";
		};
		75E70BF51E9B375400CCB1B4 /* TabBarIcon */ = {
			isa = PBXGroup;
			children = (
				75E70BF61E9B375400CCB1B4 /* icon1.png */,
				75E70BF71E9B375400CCB1B4 /* icon1@2x.png */,
				75E70BF81E9B375400CCB1B4 /* icon1@3x.png */,
				75E70C011E9B4EA800CCB1B4 /* icon2.png */,
				75E70C021E9B4EA800CCB1B4 /* icon2@2x.png */,
				75E70C031E9B4EA800CCB1B4 /* icon2@3x.png */,
				75E70C071E9B505400CCB1B4 /* icon3.png */,
				75E70C081E9B505400CCB1B4 /* icon3@2x.png */,
				75E70C091E9B505400CCB1B4 /* icon3@3x.png */,
			);
			path = TabBarIcon;
			sourceTree = "<group>";
		};
		75E70C1B1E9C6E7E00CCB1B4 /* FishMeasure */ = {
			isa = PBXGroup;
			children = (
				75E70C361E9C6F1200CCB1B4 /* Tools */,
				75E70C3E1E9C6F1200CCB1B4 /* Views */,
				7532CE0D1E9CBA7F005B7845 /* Models */,
				7532CE081E9CBA7F005B7845 /* Controllers */,
			);
			path = FishMeasure;
			sourceTree = "<group>";
		};
		75E70C361E9C6F1200CCB1B4 /* Tools */ = {
			isa = PBXGroup;
			children = (
				75E70C371E9C6F1200CCB1B4 /* CGGeometryConvertTool.h */,
				75E70C381E9C6F1200CCB1B4 /* CGGeometryConvertTool.m */,
				75E70C391E9C6F1200CCB1B4 /* DetectCircle */,
				75E70C3C1E9C6F1200CCB1B4 /* UIImage+Rotate_Flip.h */,
				75E70C3D1E9C6F1200CCB1B4 /* UIImage+Rotate_Flip.m */,
			);
			path = Tools;
			sourceTree = "<group>";
		};
		75E70C391E9C6F1200CCB1B4 /* DetectCircle */ = {
			isa = PBXGroup;
			children = (
				75E70C3A1E9C6F1200CCB1B4 /* DetectCircleTool.h */,
				75E70C3B1E9C6F1200CCB1B4 /* DetectCircleTool.mm */,
			);
			path = DetectCircle;
			sourceTree = "<group>";
		};
		75E70C3E1E9C6F1200CCB1B4 /* Views */ = {
			isa = PBXGroup;
			children = (
				7532CE1A1E9CD48B005B7845 /* CaptureImageView */,
				7532CE131E9CD02A005B7845 /* Ruler */,
				75E70C6D1E9C74F600CCB1B4 /* CoinDetect */,
				75E70C481E9C6F1200CCB1B4 /* UseGuide */,
			);
			path = Views;
			sourceTree = "<group>";
		};
		75E70C481E9C6F1200CCB1B4 /* UseGuide */ = {
			isa = PBXGroup;
			children = (
				75E70C491E9C6F1200CCB1B4 /* UseGuideImage */,
				75E70C561E9C6F1300CCB1B4 /* UseGuideView.h */,
				75E70C571E9C6F1300CCB1B4 /* UseGuideView.m */,
			);
			path = UseGuide;
			sourceTree = "<group>";
		};
		75E70C491E9C6F1200CCB1B4 /* UseGuideImage */ = {
			isa = PBXGroup;
			children = (
				75E70C4A1E9C6F1200CCB1B4 /* 1242x2208 */,
				75E70C4E1E9C6F1200CCB1B4 /* 640x1136 */,
				75E70C521E9C6F1300CCB1B4 /* 750x1334 */,
			);
			path = UseGuideImage;
			sourceTree = "<group>";
		};
		75E70C4A1E9C6F1200CCB1B4 /* 1242x2208 */ = {
			isa = PBXGroup;
			children = (
				75E70C4B1E9C6F1200CCB1B4 /* UseGuide1_1242x2208.png */,
				75E70C4C1E9C6F1200CCB1B4 /* UseGuide2_1242x2208.png */,
				75E70C4D1E9C6F1200CCB1B4 /* UseGuide3_1242x2208.png */,
			);
			path = 1242x2208;
			sourceTree = "<group>";
		};
		75E70C4E1E9C6F1200CCB1B4 /* 640x1136 */ = {
			isa = PBXGroup;
			children = (
				75E70C4F1E9C6F1200CCB1B4 /* UseGuide1_640x1136.png */,
				75E70C501E9C6F1300CCB1B4 /* UseGuide2_640x1136.png */,
				75E70C511E9C6F1300CCB1B4 /* UseGuide3_640x1136.png */,
			);
			path = 640x1136;
			sourceTree = "<group>";
		};
		75E70C521E9C6F1300CCB1B4 /* 750x1334 */ = {
			isa = PBXGroup;
			children = (
				75E70C531E9C6F1300CCB1B4 /* UseGuide1_750x1334.png */,
				75E70C541E9C6F1300CCB1B4 /* UseGuide2_750x1334.png */,
				75E70C551E9C6F1300CCB1B4 /* UseGuide3_750x1334.png */,
			);
			path = 750x1334;
			sourceTree = "<group>";
		};
		75E70C6D1E9C74F600CCB1B4 /* CoinDetect */ = {
			isa = PBXGroup;
			children = (
				75E70C6E1E9C74F600CCB1B4 /* CoinDetectView */,
			);
			path = CoinDetect;
			sourceTree = "<group>";
		};
		75E70C6E1E9C74F600CCB1B4 /* CoinDetectView */ = {
			isa = PBXGroup;
			children = (
				75E70C731E9C74F600CCB1B4 /* Image */,
				75E70C6F1E9C74F600CCB1B4 /* AVCamPreviewView.h */,
				75E70C701E9C74F600CCB1B4 /* AVCamPreviewView.m */,
				75E70C711E9C74F600CCB1B4 /* CoinDetectView.h */,
				75E70C721E9C74F600CCB1B4 /* CoinDetectView.m */,
				75E70C8C1E9C7F2A00CCB1B4 /* CameraControlView.h */,
				75E70C8D1E9C7F2A00CCB1B4 /* CameraControlView.m */,
			);
			path = CoinDetectView;
			sourceTree = "<group>";
		};
		75E70C731E9C74F600CCB1B4 /* Image */ = {
			isa = PBXGroup;
			children = (
				75E70C741E9C74F600CCB1B4 /* FlashLight_Off@2x.png */,
				75E70C751E9C74F600CCB1B4 /* FlashLight_Off@3x.png */,
				75E70C761E9C74F600CCB1B4 /* FlashLight_On@2x.png */,
				75E70C771E9C74F600CCB1B4 /* FlashLight_On@3x.png */,
				75E70C781E9C74F600CCB1B4 /* Guide@2x.png */,
				75E70C791E9C74F600CCB1B4 /* Guide@3x.png */,
				75E70C7B1E9C74F600CCB1B4 /* TakePicture@2x.png */,
				75E70C7A1E9C74F600CCB1B4 /* TakePicture@3x.png */,
			);
			path = Image;
			sourceTree = "<group>";
		};
/* End PBXGroup section */

/* Begin PBXNativeTarget section */
		752BB15D1E95ECEC007BE3DD /* AVFoundationDemo */ = {
			isa = PBXNativeTarget;
			buildConfigurationList = 752BB1751E95ECEC007BE3DD /* Build configuration list for PBXNativeTarget "AVFoundationDemo" */;
			buildPhases = (
				752BB15A1E95ECEC007BE3DD /* Sources */,
				752BB15B1E95ECEC007BE3DD /* Frameworks */,
				752BB15C1E95ECEC007BE3DD /* Resources */,
			);
			buildRules = (
			);
			dependencies = (
			);
			name = AVFoundationDemo;
			productName = AVFoundationDemo;
			productReference = 752BB15E1E95ECEC007BE3DD /* AVFoundationDemo.app */;
			productType = "com.apple.product-type.application";
		};
/* End PBXNativeTarget section */

/* Begin PBXProject section */
		752BB1561E95ECEC007BE3DD /* Project object */ = {
			isa = PBXProject;
			attributes = {
				LastUpgradeCheck = 0830;
				ORGANIZATIONNAME = Story5;
				TargetAttributes = {
					752BB15D1E95ECEC007BE3DD = {
						CreatedOnToolsVersion = 8.3;
						DevelopmentTeam = SHCZNHJ2VF;
						ProvisioningStyle = Automatic;
					};
				};
			};
			buildConfigurationList = 752BB1591E95ECEC007BE3DD /* Build configuration list for PBXProject "AVFoundationDemo" */;
			compatibilityVersion = "Xcode 3.2";
			developmentRegion = English;
			hasScannedForEncodings = 0;
			knownRegions = (
				en,
				Base,
			);
			mainGroup = 752BB1551E95ECEC007BE3DD;
			productRefGroup = 752BB15F1E95ECEC007BE3DD /* Products */;
			projectDirPath = "";
			projectRoot = "";
			targets = (
				752BB15D1E95ECEC007BE3DD /* AVFoundationDemo */,
			);
		};
/* End PBXProject section */

/* Begin PBXResourcesBuildPhase section */
		752BB15C1E95ECEC007BE3DD /* Resources */ = {
			isa = PBXResourcesBuildPhase;
			buildActionMask = 2147483647;
			files = (
				75E70C641E9C6F1300CCB1B4 /* UseGuide2_640x1136.png in Resources */,
				752BB1711E95ECEC007BE3DD /* LaunchScreen.storyboard in Resources */,
				75E70C671E9C6F1300CCB1B4 /* UseGuide2_750x1334.png in Resources */,
				75E70C661E9C6F1300CCB1B4 /* UseGuide1_750x1334.png in Resources */,
				75E70C881E9C74F600CCB1B4 /* TakePicture@3x.png in Resources */,
				75E70BFC1E9B375400CCB1B4 /* icon1@2x.png in Resources */,
				75E70C621E9C6F1300CCB1B4 /* UseGuide3_1242x2208.png in Resources */,
				75E70C871E9C74F600CCB1B4 /* Guide@3x.png in Resources */,
				75E70C631E9C6F1300CCB1B4 /* UseGuide1_640x1136.png in Resources */,
				75E70BFA1E9B375400CCB1B4 /* flag.png in Resources */,
				75E70C611E9C6F1300CCB1B4 /* UseGuide2_1242x2208.png in Resources */,
				75E70C841E9C74F600CCB1B4 /* FlashLight_On@2x.png in Resources */,
				7532CE1F1E9CDBC2005B7845 /* logo.png in Resources */,
				75E70C061E9B4EA800CCB1B4 /* icon2@3x.png in Resources */,
				752BB16E1E95ECEC007BE3DD /* Assets.xcassets in Resources */,
				75E70C0C1E9B505400CCB1B4 /* icon3@3x.png in Resources */,
				75E70C651E9C6F1300CCB1B4 /* UseGuide3_640x1136.png in Resources */,
				75E70C051E9B4EA800CCB1B4 /* icon2@2x.png in Resources */,
				75E70C601E9C6F1300CCB1B4 /* UseGuide1_1242x2208.png in Resources */,
				75E70C681E9C6F1300CCB1B4 /* UseGuide3_750x1334.png in Resources */,
				75E70C821E9C74F600CCB1B4 /* FlashLight_Off@2x.png in Resources */,
				75E70C851E9C74F600CCB1B4 /* FlashLight_On@3x.png in Resources */,
				75E70C861E9C74F600CCB1B4 /* Guide@2x.png in Resources */,
				75E70C0A1E9B505400CCB1B4 /* icon3.png in Resources */,
				75E70BFB1E9B375400CCB1B4 /* icon1.png in Resources */,
				75E70C891E9C74F600CCB1B4 /* TakePicture@2x.png in Resources */,
				75E70C831E9C74F600CCB1B4 /* FlashLight_Off@3x.png in Resources */,
				752BB16C1E95ECEC007BE3DD /* Main.storyboard in Resources */,
				75E70C0B1E9B505400CCB1B4 /* icon3@2x.png in Resources */,
				75E70BFD1E9B375400CCB1B4 /* icon1@3x.png in Resources */,
				75E70C041E9B4EA800CCB1B4 /* icon2.png in Resources */,
			);
			runOnlyForDeploymentPostprocessing = 0;
		};
/* End PBXResourcesBuildPhase section */

/* Begin PBXSourcesBuildPhase section */
		752BB15A1E95ECEC007BE3DD /* Sources */ = {
			isa = PBXSourcesBuildPhase;
			buildActionMask = 2147483647;
			files = (
				7532CE0F1E9CBA7F005B7845 /* FishMeasureViewController.m in Sources */,
				7532CE181E9CD02A005B7845 /* RulerCalculator.m in Sources */,
				75E70BEB1E9B33A900CCB1B4 /* RHCoinDetectView.m in Sources */,
				75E70C801E9C74F600CCB1B4 /* AVCamPreviewView.m in Sources */,
				75E70C8E1E9C7F2A00CCB1B4 /* CameraControlView.m in Sources */,
				75E70C691E9C6F1300CCB1B4 /* UseGuideView.m in Sources */,
				7532CE1D1E9CD4B4005B7845 /* CaptureImageView.m in Sources */,
				752BB1661E95ECEC007BE3DD /* AppDelegate.m in Sources */,
				7532CE0E1E9CBA7F005B7845 /* CoinDetectViewController.m in Sources */,
				50D6A2961E9B5AA0006ACDE6 /* STView.m in Sources */,
				75E70BE81E9B2F5F00CCB1B4 /* STViewController.m in Sources */,
				752BB1631E95ECEC007BE3DD /* main.m in Sources */,
				75E70C5B1E9C6F1300CCB1B4 /* UIImage+Rotate_Flip.m in Sources */,
				75E70C5A1E9C6F1300CCB1B4 /* DetectCircleTool.mm in Sources */,
				75E70BE51E9B2F4400CCB1B4 /* RHViewController.m in Sources */,
				7532CE191E9CD02A005B7845 /* RulerView.m in Sources */,
				75E70BEE1E9B33CA00CCB1B4 /* STCoinDetectView.m in Sources */,
				7532CE121E9CBAC0005B7845 /* CoinDetectModel.m in Sources */,
				75E70C811E9C74F600CCB1B4 /* CoinDetectView.m in Sources */,
				75E70C591E9C6F1300CCB1B4 /* CGGeometryConvertTool.m in Sources */,
			);
			runOnlyForDeploymentPostprocessing = 0;
		};
/* End PBXSourcesBuildPhase section */

/* Begin PBXVariantGroup section */
		752BB16A1E95ECEC007BE3DD /* Main.storyboard */ = {
			isa = PBXVariantGroup;
			children = (
				752BB16B1E95ECEC007BE3DD /* Base */,
			);
			name = Main.storyboard;
			sourceTree = "<group>";
		};
		752BB16F1E95ECEC007BE3DD /* LaunchScreen.storyboard */ = {
			isa = PBXVariantGroup;
			children = (
				752BB1701E95ECEC007BE3DD /* Base */,
			);
			name = LaunchScreen.storyboard;
			sourceTree = "<group>";
		};
/* End PBXVariantGroup section */

/* Begin XCBuildConfiguration section */
		752BB1731E95ECEC007BE3DD /* Debug */ = {
			isa = XCBuildConfiguration;
			buildSettings = {
				ALWAYS_SEARCH_USER_PATHS = NO;
				CLANG_ANALYZER_NONNULL = YES;
				CLANG_ANALYZER_NUMBER_OBJECT_CONVERSION = YES_AGGRESSIVE;
				CLANG_CXX_LANGUAGE_STANDARD = "gnu++0x";
				CLANG_CXX_LIBRARY = "libc++";
				CLANG_ENABLE_MODULES = YES;
				CLANG_ENABLE_OBJC_ARC = YES;
				CLANG_WARN_BOOL_CONVERSION = YES;
				CLANG_WARN_CONSTANT_CONVERSION = YES;
				CLANG_WARN_DIRECT_OBJC_ISA_USAGE = YES_ERROR;
				CLANG_WARN_DOCUMENTATION_COMMENTS = YES;
				CLANG_WARN_EMPTY_BODY = YES;
				CLANG_WARN_ENUM_CONVERSION = YES;
				CLANG_WARN_INFINITE_RECURSION = YES;
				CLANG_WARN_INT_CONVERSION = YES;
				CLANG_WARN_OBJC_ROOT_CLASS = YES_ERROR;
				CLANG_WARN_SUSPICIOUS_MOVE = YES;
				CLANG_WARN_UNREACHABLE_CODE = YES;
				CLANG_WARN__DUPLICATE_METHOD_MATCH = YES;
				"CODE_SIGN_IDENTITY[sdk=iphoneos*]" = "iPhone Developer";
				COPY_PHASE_STRIP = NO;
				DEBUG_INFORMATION_FORMAT = dwarf;
				ENABLE_STRICT_OBJC_MSGSEND = YES;
				ENABLE_TESTABILITY = YES;
				GCC_C_LANGUAGE_STANDARD = gnu99;
				GCC_DYNAMIC_NO_PIC = NO;
				GCC_NO_COMMON_BLOCKS = YES;
				GCC_OPTIMIZATION_LEVEL = 0;
				GCC_PREPROCESSOR_DEFINITIONS = (
					"DEBUG=1",
					"$(inherited)",
				);
				GCC_WARN_64_TO_32_BIT_CONVERSION = YES;
				GCC_WARN_ABOUT_RETURN_TYPE = YES_ERROR;
				GCC_WARN_UNDECLARED_SELECTOR = YES;
				GCC_WARN_UNINITIALIZED_AUTOS = YES_AGGRESSIVE;
				GCC_WARN_UNUSED_FUNCTION = YES;
				GCC_WARN_UNUSED_VARIABLE = YES;
				IPHONEOS_DEPLOYMENT_TARGET = 10.3;
				MTL_ENABLE_DEBUG_INFO = YES;
				ONLY_ACTIVE_ARCH = YES;
				SDKROOT = iphoneos;
			};
			name = Debug;
		};
		752BB1741E95ECEC007BE3DD /* Release */ = {
			isa = XCBuildConfiguration;
			buildSettings = {
				ALWAYS_SEARCH_USER_PATHS = NO;
				CLANG_ANALYZER_NONNULL = YES;
				CLANG_ANALYZER_NUMBER_OBJECT_CONVERSION = YES_AGGRESSIVE;
				CLANG_CXX_LANGUAGE_STANDARD = "gnu++0x";
				CLANG_CXX_LIBRARY = "libc++";
				CLANG_ENABLE_MODULES = YES;
				CLANG_ENABLE_OBJC_ARC = YES;
				CLANG_WARN_BOOL_CONVERSION = YES;
				CLANG_WARN_CONSTANT_CONVERSION = YES;
				CLANG_WARN_DIRECT_OBJC_ISA_USAGE = YES_ERROR;
				CLANG_WARN_DOCUMENTATION_COMMENTS = YES;
				CLANG_WARN_EMPTY_BODY = YES;
				CLANG_WARN_ENUM_CONVERSION = YES;
				CLANG_WARN_INFINITE_RECURSION = YES;
				CLANG_WARN_INT_CONVERSION = YES;
				CLANG_WARN_OBJC_ROOT_CLASS = YES_ERROR;
				CLANG_WARN_SUSPICIOUS_MOVE = YES;
				CLANG_WARN_UNREACHABLE_CODE = YES;
				CLANG_WARN__DUPLICATE_METHOD_MATCH = YES;
				"CODE_SIGN_IDENTITY[sdk=iphoneos*]" = "iPhone Developer";
				COPY_PHASE_STRIP = NO;
				DEBUG_INFORMATION_FORMAT = "dwarf-with-dsym";
				ENABLE_NS_ASSERTIONS = NO;
				ENABLE_STRICT_OBJC_MSGSEND = YES;
				GCC_C_LANGUAGE_STANDARD = gnu99;
				GCC_NO_COMMON_BLOCKS = YES;
				GCC_WARN_64_TO_32_BIT_CONVERSION = YES;
				GCC_WARN_ABOUT_RETURN_TYPE = YES_ERROR;
				GCC_WARN_UNDECLARED_SELECTOR = YES;
				GCC_WARN_UNINITIALIZED_AUTOS = YES_AGGRESSIVE;
				GCC_WARN_UNUSED_FUNCTION = YES;
				GCC_WARN_UNUSED_VARIABLE = YES;
				IPHONEOS_DEPLOYMENT_TARGET = 10.3;
				MTL_ENABLE_DEBUG_INFO = NO;
				SDKROOT = iphoneos;
				VALIDATE_PRODUCT = YES;
			};
			name = Release;
		};
		752BB1761E95ECEC007BE3DD /* Debug */ = {
			isa = XCBuildConfiguration;
			buildSettings = {
				ASSETCATALOG_COMPILER_APPICON_NAME = AppIcon;
				DEVELOPMENT_TEAM = SHCZNHJ2VF;
				FRAMEWORK_SEARCH_PATHS = (
					"$(inherited)",
					"$(PROJECT_DIR)",
					"$(PROJECT_DIR)/AVFoundationDemo",
				);
				INFOPLIST_FILE = AVFoundationDemo/Info.plist;
				IPHONEOS_DEPLOYMENT_TARGET = 8.0;
				LD_RUNPATH_SEARCH_PATHS = "$(inherited) @executable_path/Frameworks";
				PRODUCT_BUNDLE_IDENTIFIER = com.Story5.AVFoundationDemo;
				PRODUCT_NAME = "$(TARGET_NAME)";
			};
			name = Debug;
		};
		752BB1771E95ECEC007BE3DD /* Release */ = {
			isa = XCBuildConfiguration;
			buildSettings = {
				ASSETCATALOG_COMPILER_APPICON_NAME = AppIcon;
				DEVELOPMENT_TEAM = SHCZNHJ2VF;
				FRAMEWORK_SEARCH_PATHS = (
					"$(inherited)",
					"$(PROJECT_DIR)",
					"$(PROJECT_DIR)/AVFoundationDemo",
				);
				INFOPLIST_FILE = AVFoundationDemo/Info.plist;
				IPHONEOS_DEPLOYMENT_TARGET = 8.0;
				LD_RUNPATH_SEARCH_PATHS = "$(inherited) @executable_path/Frameworks";
				PRODUCT_BUNDLE_IDENTIFIER = com.Story5.AVFoundationDemo;
				PRODUCT_NAME = "$(TARGET_NAME)";
			};
			name = Release;
		};
/* End XCBuildConfiguration section */

/* Begin XCConfigurationList section */
		752BB1591E95ECEC007BE3DD /* Build configuration list for PBXProject "AVFoundationDemo" */ = {
			isa = XCConfigurationList;
			buildConfigurations = (
				752BB1731E95ECEC007BE3DD /* Debug */,
				752BB1741E95ECEC007BE3DD /* Release */,
			);
			defaultConfigurationIsVisible = 0;
			defaultConfigurationName = Release;
		};
		752BB1751E95ECEC007BE3DD /* Build configuration list for PBXNativeTarget "AVFoundationDemo" */ = {
			isa = XCConfigurationList;
			buildConfigurations = (
				752BB1761E95ECEC007BE3DD /* Debug */,
				752BB1771E95ECEC007BE3DD /* Release */,
			);
			defaultConfigurationIsVisible = 0;
			defaultConfigurationName = Release;
		};
/* End XCConfigurationList section */
	};
	rootObject = 752BB1561E95ECEC007BE3DD /* Project object */;
}
